// !$*UTF8*$!
{
	archiveVersion = 1;
	classes = {
	};
	objectVersion = 48;
	objects = {

/* Begin PBXBuildFile section */
		32889881209C93F500E1452A /* PatternDAO.m in Sources */ = {isa = PBXBuildFile; fileRef = 32889880209C93F500E1452A /* PatternDAO.m */; };
		32889886209C94B300E1452A /* Pattern.m in Sources */ = {isa = PBXBuildFile; fileRef = 32889882209C94B200E1452A /* Pattern.m */; };
		32889887209C94B300E1452A /* LetterPattern.m in Sources */ = {isa = PBXBuildFile; fileRef = 32889885209C94B300E1452A /* LetterPattern.m */; };
		3288988B209C96D700E1452A /* IPFileManager.m in Sources */ = {isa = PBXBuildFile; fileRef = 3288988A209C96D700E1452A /* IPFileManager.m */; };
		32D21E252095BEB30007166D /* AppDelegate.m in Sources */ = {isa = PBXBuildFile; fileRef = 32D21E242095BEB30007166D /* AppDelegate.m */; };
		32D21E2B2095BEB30007166D /* Main.storyboard in Resources */ = {isa = PBXBuildFile; fileRef = 32D21E292095BEB30007166D /* Main.storyboard */; };
		32D21E2D2095BEB40007166D /* Assets.xcassets in Resources */ = {isa = PBXBuildFile; fileRef = 32D21E2C2095BEB40007166D /* Assets.xcassets */; };
		32D21E302095BEB40007166D /* LaunchScreen.storyboard in Resources */ = {isa = PBXBuildFile; fileRef = 32D21E2E2095BEB40007166D /* LaunchScreen.storyboard */; };
		32D21E332095BEB40007166D /* main.m in Sources */ = {isa = PBXBuildFile; fileRef = 32D21E322095BEB40007166D /* main.m */; };
		32D21E3B2095C9A90007166D /* Patterns in Resources */ = {isa = PBXBuildFile; fileRef = 32D21E3A2095C9A90007166D /* Patterns */; };
		32D21E412095CA5C0007166D /* GalleryTableViewController.m in Sources */ = {isa = PBXBuildFile; fileRef = 32D21E3F2095CA5C0007166D /* GalleryTableViewController.m */; };
		32D21E422095CA5C0007166D /* GalleryTableViewController.xib in Resources */ = {isa = PBXBuildFile; fileRef = 32D21E402095CA5C0007166D /* GalleryTableViewController.xib */; };
		32D21E462095CAF30007166D /* GalleryTableViewCell.m in Sources */ = {isa = PBXBuildFile; fileRef = 32D21E442095CAF30007166D /* GalleryTableViewCell.m */; };
		32D21E472095CAF30007166D /* GalleryTableViewCell.xib in Resources */ = {isa = PBXBuildFile; fileRef = 32D21E452095CAF30007166D /* GalleryTableViewCell.xib */; };
		32D21E4D2095CE1E0007166D /* MainViewController.m in Sources */ = {isa = PBXBuildFile; fileRef = 32D21E4C2095CE1E0007166D /* MainViewController.m */; };
		32D21E532095D6450007166D /* GalleryDetailsViewController.m in Sources */ = {isa = PBXBuildFile; fileRef = 32D21E512095D6450007166D /* GalleryDetailsViewController.m */; };
		32D21E542095D6450007166D /* GalleryDetailsViewController.xib in Resources */ = {isa = PBXBuildFile; fileRef = 32D21E522095D6450007166D /* GalleryDetailsViewController.xib */; };
		32D21E592095D7DE0007166D /* ExamplesPagesViewController.m in Sources */ = {isa = PBXBuildFile; fileRef = 32D21E572095D7DE0007166D /* ExamplesPagesViewController.m */; };
		32D5BF4C20A08B4F00ECDB69 /* CreateTableViewController.m in Sources */ = {isa = PBXBuildFile; fileRef = 32D5BF4A20A08B4F00ECDB69 /* CreateTableViewController.m */; };
		32D5BF4D20A08B4F00ECDB69 /* CreateTableViewController.xib in Resources */ = {isa = PBXBuildFile; fileRef = 32D5BF4B20A08B4F00ECDB69 /* CreateTableViewController.xib */; };
		32D5BF5120A08BD400ECDB69 /* TableViewCell.m in Sources */ = {isa = PBXBuildFile; fileRef = 32D5BF4F20A08BD400ECDB69 /* TableViewCell.m */; };
		32D5BF5220A08BD400ECDB69 /* TableViewCell.xib in Resources */ = {isa = PBXBuildFile; fileRef = 32D5BF5020A08BD400ECDB69 /* TableViewCell.xib */; };
		32D5BF5620A08EC700ECDB69 /* IPColor.m in Sources */ = {isa = PBXBuildFile; fileRef = 32D5BF5520A08EC700ECDB69 /* IPColor.m */; };
		32D5BF5B20A092A600ECDB69 /* CreationOptions.m in Sources */ = {isa = PBXBuildFile; fileRef = 32D5BF5A20A092A600ECDB69 /* CreationOptions.m */; };
/* End PBXBuildFile section */

/* Begin PBXFileReference section */
		3288987F209C93F500E1452A /* PatternDAO.h */ = {isa = PBXFileReference; lastKnownFileType = sourcecode.c.h; path = PatternDAO.h; sourceTree = "<group>"; };
		32889880209C93F500E1452A /* PatternDAO.m */ = {isa = PBXFileReference; lastKnownFileType = sourcecode.c.objc; path = PatternDAO.m; sourceTree = "<group>"; };
		32889882209C94B200E1452A /* Pattern.m */ = {isa = PBXFileReference; fileEncoding = 4; lastKnownFileType = sourcecode.c.objc; path = Pattern.m; sourceTree = "<group>"; };
		32889883209C94B200E1452A /* LetterPattern.h */ = {isa = PBXFileReference; fileEncoding = 4; lastKnownFileType = sourcecode.c.h; path = LetterPattern.h; sourceTree = "<group>"; };
		32889884209C94B200E1452A /* Pattern.h */ = {isa = PBXFileReference; fileEncoding = 4; lastKnownFileType = sourcecode.c.h; path = Pattern.h; sourceTree = "<group>"; };
		32889885209C94B300E1452A /* LetterPattern.m */ = {isa = PBXFileReference; fileEncoding = 4; lastKnownFileType = sourcecode.c.objc; path = LetterPattern.m; sourceTree = "<group>"; };
		32889889209C96D700E1452A /* IPFileManager.h */ = {isa = PBXFileReference; lastKnownFileType = sourcecode.c.h; path = IPFileManager.h; sourceTree = "<group>"; };
		3288988A209C96D700E1452A /* IPFileManager.m */ = {isa = PBXFileReference; lastKnownFileType = sourcecode.c.objc; path = IPFileManager.m; sourceTree = "<group>"; };
		32D21E202095BEB30007166D /* initials-project-ios.app */ = {isa = PBXFileReference; explicitFileType = wrapper.application; includeInIndex = 0; path = "initials-project-ios.app"; sourceTree = BUILT_PRODUCTS_DIR; };
		32D21E232095BEB30007166D /* AppDelegate.h */ = {isa = PBXFileReference; lastKnownFileType = sourcecode.c.h; path = AppDelegate.h; sourceTree = "<group>"; };
		32D21E242095BEB30007166D /* AppDelegate.m */ = {isa = PBXFileReference; lastKnownFileType = sourcecode.c.objc; path = AppDelegate.m; sourceTree = "<group>"; };
		32D21E2A2095BEB30007166D /* Base */ = {isa = PBXFileReference; lastKnownFileType = file.storyboard; name = Base; path = Base.lproj/Main.storyboard; sourceTree = "<group>"; };
		32D21E2C2095BEB40007166D /* Assets.xcassets */ = {isa = PBXFileReference; lastKnownFileType = folder.assetcatalog; path = Assets.xcassets; sourceTree = "<group>"; };
		32D21E2F2095BEB40007166D /* Base */ = {isa = PBXFileReference; lastKnownFileType = file.storyboard; name = Base; path = Base.lproj/LaunchScreen.storyboard; sourceTree = "<group>"; };
		32D21E312095BEB40007166D /* Info.plist */ = {isa = PBXFileReference; lastKnownFileType = text.plist.xml; path = Info.plist; sourceTree = "<group>"; };
		32D21E322095BEB40007166D /* main.m */ = {isa = PBXFileReference; lastKnownFileType = sourcecode.c.objc; path = main.m; sourceTree = "<group>"; };
		32D21E3A2095C9A90007166D /* Patterns */ = {isa = PBXFileReference; lastKnownFileType = folder; path = Patterns; sourceTree = "<group>"; };
		32D21E3E2095CA5C0007166D /* GalleryTableViewController.h */ = {isa = PBXFileReference; lastKnownFileType = sourcecode.c.h; path = GalleryTableViewController.h; sourceTree = "<group>"; };
		32D21E3F2095CA5C0007166D /* GalleryTableViewController.m */ = {isa = PBXFileReference; lastKnownFileType = sourcecode.c.objc; path = GalleryTableViewController.m; sourceTree = "<group>"; };
		32D21E402095CA5C0007166D /* GalleryTableViewController.xib */ = {isa = PBXFileReference; lastKnownFileType = file.xib; path = GalleryTableViewController.xib; sourceTree = "<group>"; };
		32D21E432095CAF30007166D /* GalleryTableViewCell.h */ = {isa = PBXFileReference; lastKnownFileType = sourcecode.c.h; path = GalleryTableViewCell.h; sourceTree = "<group>"; };
		32D21E442095CAF30007166D /* GalleryTableViewCell.m */ = {isa = PBXFileReference; lastKnownFileType = sourcecode.c.objc; path = GalleryTableViewCell.m; sourceTree = "<group>"; };
		32D21E452095CAF30007166D /* GalleryTableViewCell.xib */ = {isa = PBXFileReference; lastKnownFileType = file.xib; path = GalleryTableViewCell.xib; sourceTree = "<group>"; };
		32D21E4B2095CE1E0007166D /* MainViewController.h */ = {isa = PBXFileReference; lastKnownFileType = sourcecode.c.h; path = MainViewController.h; sourceTree = "<group>"; };
		32D21E4C2095CE1E0007166D /* MainViewController.m */ = {isa = PBXFileReference; lastKnownFileType = sourcecode.c.objc; path = MainViewController.m; sourceTree = "<group>"; };
		32D21E502095D6450007166D /* GalleryDetailsViewController.h */ = {isa = PBXFileReference; lastKnownFileType = sourcecode.c.h; path = GalleryDetailsViewController.h; sourceTree = "<group>"; };
		32D21E512095D6450007166D /* GalleryDetailsViewController.m */ = {isa = PBXFileReference; lastKnownFileType = sourcecode.c.objc; path = GalleryDetailsViewController.m; sourceTree = "<group>"; };
		32D21E522095D6450007166D /* GalleryDetailsViewController.xib */ = {isa = PBXFileReference; lastKnownFileType = file.xib; path = GalleryDetailsViewController.xib; sourceTree = "<group>"; };
		32D21E562095D7DE0007166D /* ExamplesPagesViewController.h */ = {isa = PBXFileReference; lastKnownFileType = sourcecode.c.h; path = ExamplesPagesViewController.h; sourceTree = "<group>"; };
		32D21E572095D7DE0007166D /* ExamplesPagesViewController.m */ = {isa = PBXFileReference; lastKnownFileType = sourcecode.c.objc; path = ExamplesPagesViewController.m; sourceTree = "<group>"; };
		32D5BF4920A08B4F00ECDB69 /* CreateTableViewController.h */ = {isa = PBXFileReference; lastKnownFileType = sourcecode.c.h; path = CreateTableViewController.h; sourceTree = "<group>"; };
		32D5BF4A20A08B4F00ECDB69 /* CreateTableViewController.m */ = {isa = PBXFileReference; lastKnownFileType = sourcecode.c.objc; path = CreateTableViewController.m; sourceTree = "<group>"; };
		32D5BF4B20A08B4F00ECDB69 /* CreateTableViewController.xib */ = {isa = PBXFileReference; lastKnownFileType = file.xib; path = CreateTableViewController.xib; sourceTree = "<group>"; };
		32D5BF4E20A08BD400ECDB69 /* TableViewCell.h */ = {isa = PBXFileReference; lastKnownFileType = sourcecode.c.h; path = TableViewCell.h; sourceTree = "<group>"; };
		32D5BF4F20A08BD400ECDB69 /* TableViewCell.m */ = {isa = PBXFileReference; lastKnownFileType = sourcecode.c.objc; path = TableViewCell.m; sourceTree = "<group>"; };
		32D5BF5020A08BD400ECDB69 /* TableViewCell.xib */ = {isa = PBXFileReference; lastKnownFileType = file.xib; path = TableViewCell.xib; sourceTree = "<group>"; };
		32D5BF5420A08EC700ECDB69 /* IPColor.h */ = {isa = PBXFileReference; lastKnownFileType = sourcecode.c.h; path = IPColor.h; sourceTree = "<group>"; };
		32D5BF5520A08EC700ECDB69 /* IPColor.m */ = {isa = PBXFileReference; lastKnownFileType = sourcecode.c.objc; path = IPColor.m; sourceTree = "<group>"; };
		32D5BF5920A092A600ECDB69 /* CreationOptions.h */ = {isa = PBXFileReference; lastKnownFileType = sourcecode.c.h; path = CreationOptions.h; sourceTree = "<group>"; };
		32D5BF5A20A092A600ECDB69 /* CreationOptions.m */ = {isa = PBXFileReference; lastKnownFileType = sourcecode.c.objc; path = CreationOptions.m; sourceTree = "<group>"; };
/* End PBXFileReference section */

/* Begin PBXFrameworksBuildPhase section */
		32D21E1D2095BEB30007166D /* Frameworks */ = {
			isa = PBXFrameworksBuildPhase;
			buildActionMask = 2147483647;
			files = (
			);
			runOnlyForDeploymentPostprocessing = 0;
		};
/* End PBXFrameworksBuildPhase section */

/* Begin PBXGroup section */
		3288987A209C915800E1452A /* Model */ = {
			isa = PBXGroup;
			children = (
				32D5BF5820A0923100ECDB69 /* FontFamily */,
				32D5BF5320A08EA800ECDB69 /* Color */,
				3288987E209C93DE00E1452A /* Pattern */,
				3288987F209C93F500E1452A /* PatternDAO.h */,
				32889880209C93F500E1452A /* PatternDAO.m */,
				32D5BF5920A092A600ECDB69 /* CreationOptions.h */,
				32D5BF5A20A092A600ECDB69 /* CreationOptions.m */,
			);
			path = Model;
			sourceTree = "<group>";
		};
		3288987E209C93DE00E1452A /* Pattern */ = {
			isa = PBXGroup;
			children = (
				32889883209C94B200E1452A /* LetterPattern.h */,
				32889885209C94B300E1452A /* LetterPattern.m */,
				32889884209C94B200E1452A /* Pattern.h */,
				32889882209C94B200E1452A /* Pattern.m */,
			);
			path = Pattern;
			sourceTree = "<group>";
		};
		32889888209C96A700E1452A /* Utility */ = {
			isa = PBXGroup;
			children = (
				32889889209C96D700E1452A /* IPFileManager.h */,
				3288988A209C96D700E1452A /* IPFileManager.m */,
			);
			path = Utility;
			sourceTree = "<group>";
		};
		32D21E172095BEB30007166D = {
			isa = PBXGroup;
			children = (
				32D21E222095BEB30007166D /* initials-project-ios */,
				32D21E212095BEB30007166D /* Products */,
			);
			sourceTree = "<group>";
		};
		32D21E212095BEB30007166D /* Products */ = {
			isa = PBXGroup;
			children = (
				32D21E202095BEB30007166D /* initials-project-ios.app */,
			);
			name = Products;
			sourceTree = "<group>";
		};
		32D21E222095BEB30007166D /* initials-project-ios */ = {
			isa = PBXGroup;
			children = (
				32889888209C96A700E1452A /* Utility */,
				3288987A209C915800E1452A /* Model */,
				32D21E3C2095CA020007166D /* View */,
				32D21E3A2095C9A90007166D /* Patterns */,
				32D21E292095BEB30007166D /* Main.storyboard */,
				32D21E2C2095BEB40007166D /* Assets.xcassets */,
				32D21E2E2095BEB40007166D /* LaunchScreen.storyboard */,
				32D21E4E2095CF130007166D /* Support */,
			);
			path = "initials-project-ios";
			sourceTree = "<group>";
		};
		32D21E3C2095CA020007166D /* View */ = {
			isa = PBXGroup;
			children = (
				598F79BC2096047E00718606 /* Start */,
				32D21E4A2095CDF30007166D /* Main */,
				32D21E3D2095CA190007166D /* Gallery */,
				32D21E552095D77A0007166D /* Examples */,
			);
			path = View;
			sourceTree = "<group>";
		};
		32D21E3D2095CA190007166D /* Gallery */ = {
			isa = PBXGroup;
			children = (
				32D21E4F2095D6020007166D /* Details */,
				32D21E3E2095CA5C0007166D /* GalleryTableViewController.h */,
				32D21E3F2095CA5C0007166D /* GalleryTableViewController.m */,
				32D21E402095CA5C0007166D /* GalleryTableViewController.xib */,
				32D21E432095CAF30007166D /* GalleryTableViewCell.h */,
				32D21E442095CAF30007166D /* GalleryTableViewCell.m */,
				32D21E452095CAF30007166D /* GalleryTableViewCell.xib */,
			);
			path = Gallery;
			sourceTree = "<group>";
		};
		32D21E4A2095CDF30007166D /* Main */ = {
			isa = PBXGroup;
			children = (
				32D21E4B2095CE1E0007166D /* MainViewController.h */,
				32D21E4C2095CE1E0007166D /* MainViewController.m */,
			);
			path = Main;
			sourceTree = "<group>";
		};
		32D21E4E2095CF130007166D /* Support */ = {
			isa = PBXGroup;
			children = (
				32D21E232095BEB30007166D /* AppDelegate.h */,
				32D21E242095BEB30007166D /* AppDelegate.m */,
				32D21E312095BEB40007166D /* Info.plist */,
				32D21E322095BEB40007166D /* main.m */,
			);
			name = Support;
			sourceTree = "<group>";
		};
		32D21E4F2095D6020007166D /* Details */ = {
			isa = PBXGroup;
			children = (
				32D21E502095D6450007166D /* GalleryDetailsViewController.h */,
				32D21E512095D6450007166D /* GalleryDetailsViewController.m */,
				32D21E522095D6450007166D /* GalleryDetailsViewController.xib */,
			);
			path = Details;
			sourceTree = "<group>";
		};
		32D21E552095D77A0007166D /* Examples */ = {
			isa = PBXGroup;
			children = (
				32D21E562095D7DE0007166D /* ExamplesPagesViewController.h */,
				32D21E572095D7DE0007166D /* ExamplesPagesViewController.m */,
			);
			path = Examples;
			sourceTree = "<group>";
		};
		32D5BF4720A08B0700ECDB69 /* CreateTableView */ = {
			isa = PBXGroup;
			children = (
				32D5BF4920A08B4F00ECDB69 /* CreateTableViewController.h */,
				32D5BF4A20A08B4F00ECDB69 /* CreateTableViewController.m */,
				32D5BF4B20A08B4F00ECDB69 /* CreateTableViewController.xib */,
				32D5BF4E20A08BD400ECDB69 /* TableViewCell.h */,
				32D5BF4F20A08BD400ECDB69 /* TableViewCell.m */,
				32D5BF5020A08BD400ECDB69 /* TableViewCell.xib */,
			);
			path = CreateTableView;
			sourceTree = "<group>";
		};
		32D5BF5320A08EA800ECDB69 /* Color */ = {
			isa = PBXGroup;
			children = (
				32D5BF5420A08EC700ECDB69 /* IPColor.h */,
				32D5BF5520A08EC700ECDB69 /* IPColor.m */,
			);
			path = Color;
			sourceTree = "<group>";
		};
		32D5BF5820A0923100ECDB69 /* FontFamily */ = {
			isa = PBXGroup;
			children = (
			);
			path = FontFamily;
			sourceTree = "<group>";
		};
		598F79BC2096047E00718606 /* Start */ = {
			isa = PBXGroup;
			children = (
				32D5BF4720A08B0700ECDB69 /* CreateTableView */,
			);
			path = Start;
			sourceTree = "<group>";
		};
/* End PBXGroup section */

/* Begin PBXNativeTarget section */
		32D21E1F2095BEB30007166D /* initials-project-ios */ = {
			isa = PBXNativeTarget;
			buildConfigurationList = 32D21E362095BEB40007166D /* Build configuration list for PBXNativeTarget "initials-project-ios" */;
			buildPhases = (
				32D21E1C2095BEB30007166D /* Sources */,
				32D21E1D2095BEB30007166D /* Frameworks */,
				32D21E1E2095BEB30007166D /* Resources */,
			);
			buildRules = (
			);
			dependencies = (
			);
			name = "initials-project-ios";
			productName = "initials-project-ios";
			productReference = 32D21E202095BEB30007166D /* initials-project-ios.app */;
			productType = "com.apple.product-type.application";
		};
/* End PBXNativeTarget section */

/* Begin PBXProject section */
		32D21E182095BEB30007166D /* Project object */ = {
			isa = PBXProject;
			attributes = {
				LastUpgradeCheck = 0930;
				ORGANIZATIONNAME = "Uladzislau Kleshchanka";
				TargetAttributes = {
					32D21E1F2095BEB30007166D = {
						CreatedOnToolsVersion = 9.2;
						ProvisioningStyle = Automatic;
					};
				};
			};
			buildConfigurationList = 32D21E1B2095BEB30007166D /* Build configuration list for PBXProject "initials-project-ios" */;
			compatibilityVersion = "Xcode 8.0";
			developmentRegion = en;
			hasScannedForEncodings = 0;
			knownRegions = (
				en,
				Base,
			);
			mainGroup = 32D21E172095BEB30007166D;
			productRefGroup = 32D21E212095BEB30007166D /* Products */;
			projectDirPath = "";
			projectRoot = "";
			targets = (
				32D21E1F2095BEB30007166D /* initials-project-ios */,
			);
		};
/* End PBXProject section */

/* Begin PBXResourcesBuildPhase section */
		32D21E1E2095BEB30007166D /* Resources */ = {
			isa = PBXResourcesBuildPhase;
			buildActionMask = 2147483647;
			files = (
				32D21E302095BEB40007166D /* LaunchScreen.storyboard in Resources */,
				32D5BF4D20A08B4F00ECDB69 /* CreateTableViewController.xib in Resources */,
				32D21E542095D6450007166D /* GalleryDetailsViewController.xib in Resources */,
				32D21E3B2095C9A90007166D /* Patterns in Resources */,
				32D5BF5220A08BD400ECDB69 /* TableViewCell.xib in Resources */,
				32D21E422095CA5C0007166D /* GalleryTableViewController.xib in Resources */,
				32D21E2D2095BEB40007166D /* Assets.xcassets in Resources */,
				32D21E472095CAF30007166D /* GalleryTableViewCell.xib in Resources */,
				32D21E2B2095BEB30007166D /* Main.storyboard in Resources */,
			);
			runOnlyForDeploymentPostprocessing = 0;
		};
/* End PBXResourcesBuildPhase section */

/* Begin PBXSourcesBuildPhase section */
		32D21E1C2095BEB30007166D /* Sources */ = {
			isa = PBXSourcesBuildPhase;
			buildActionMask = 2147483647;
			files = (
				32889887209C94B300E1452A /* LetterPattern.m in Sources */,
				32D5BF5620A08EC700ECDB69 /* IPColor.m in Sources */,
				32D21E532095D6450007166D /* GalleryDetailsViewController.m in Sources */,
				32D5BF5B20A092A600ECDB69 /* CreationOptions.m in Sources */,
				32889881209C93F500E1452A /* PatternDAO.m in Sources */,
				32D21E592095D7DE0007166D /* ExamplesPagesViewController.m in Sources */,
				32889886209C94B300E1452A /* Pattern.m in Sources */,
				32D5BF4C20A08B4F00ECDB69 /* CreateTableViewController.m in Sources */,
				32D5BF5120A08BD400ECDB69 /* TableViewCell.m in Sources */,
				32D21E462095CAF30007166D /* GalleryTableViewCell.m in Sources */,
				3288988B209C96D700E1452A /* IPFileManager.m in Sources */,
				32D21E332095BEB40007166D /* main.m in Sources */,
				32D21E412095CA5C0007166D /* GalleryTableViewController.m in Sources */,
				32D21E4D2095CE1E0007166D /* MainViewController.m in Sources */,
				32D21E252095BEB30007166D /* AppDelegate.m in Sources */,
			);
			runOnlyForDeploymentPostprocessing = 0;
		};
/* End PBXSourcesBuildPhase section */

/* Begin PBXVariantGroup section */
		32D21E292095BEB30007166D /* Main.storyboard */ = {
			isa = PBXVariantGroup;
			children = (
				32D21E2A2095BEB30007166D /* Base */,
			);
			name = Main.storyboard;
			sourceTree = "<group>";
		};
		32D21E2E2095BEB40007166D /* LaunchScreen.storyboard */ = {
			isa = PBXVariantGroup;
			children = (
				32D21E2F2095BEB40007166D /* Base */,
			);
			name = LaunchScreen.storyboard;
			sourceTree = "<group>";
		};
/* End PBXVariantGroup section */

/* Begin XCBuildConfiguration section */
		32D21E342095BEB40007166D /* Debug */ = {
			isa = XCBuildConfiguration;
			buildSettings = {
				ALWAYS_SEARCH_USER_PATHS = NO;
				CLANG_ANALYZER_NONNULL = YES;
				CLANG_ANALYZER_NUMBER_OBJECT_CONVERSION = YES_AGGRESSIVE;
				CLANG_CXX_LANGUAGE_STANDARD = "gnu++14";
				CLANG_CXX_LIBRARY = "libc++";
				CLANG_ENABLE_MODULES = YES;
				CLANG_ENABLE_OBJC_ARC = YES;
				CLANG_WARN_BLOCK_CAPTURE_AUTORELEASING = YES;
				CLANG_WARN_BOOL_CONVERSION = YES;
				CLANG_WARN_COMMA = YES;
				CLANG_WARN_CONSTANT_CONVERSION = YES;
				CLANG_WARN_DEPRECATED_OBJC_IMPLEMENTATIONS = YES;
				CLANG_WARN_DIRECT_OBJC_ISA_USAGE = YES_ERROR;
				CLANG_WARN_DOCUMENTATION_COMMENTS = YES;
				CLANG_WARN_EMPTY_BODY = YES;
				CLANG_WARN_ENUM_CONVERSION = YES;
				CLANG_WARN_INFINITE_RECURSION = YES;
				CLANG_WARN_INT_CONVERSION = YES;
				CLANG_WARN_NON_LITERAL_NULL_CONVERSION = YES;
				CLANG_WARN_OBJC_IMPLICIT_RETAIN_SELF = YES;
				CLANG_WARN_OBJC_LITERAL_CONVERSION = YES;
				CLANG_WARN_OBJC_ROOT_CLASS = YES_ERROR;
				CLANG_WARN_RANGE_LOOP_ANALYSIS = YES;
				CLANG_WARN_STRICT_PROTOTYPES = YES;
				CLANG_WARN_SUSPICIOUS_MOVE = YES;
				CLANG_WARN_UNGUARDED_AVAILABILITY = YES_AGGRESSIVE;
				CLANG_WARN_UNREACHABLE_CODE = YES;
				CLANG_WARN__DUPLICATE_METHOD_MATCH = YES;
				CODE_SIGN_IDENTITY = "iPhone Developer";
				COPY_PHASE_STRIP = NO;
				DEBUG_INFORMATION_FORMAT = dwarf;
				ENABLE_STRICT_OBJC_MSGSEND = YES;
				ENABLE_TESTABILITY = YES;
				GCC_C_LANGUAGE_STANDARD = gnu11;
				GCC_DYNAMIC_NO_PIC = NO;
				GCC_NO_COMMON_BLOCKS = YES;
				GCC_OPTIMIZATION_LEVEL = 0;
				GCC_PREPROCESSOR_DEFINITIONS = (
					"DEBUG=1",
					"$(inherited)",
				);
				GCC_WARN_64_TO_32_BIT_CONVERSION = YES;
				GCC_WARN_ABOUT_RETURN_TYPE = YES_ERROR;
				GCC_WARN_UNDECLARED_SELECTOR = YES;
				GCC_WARN_UNINITIALIZED_AUTOS = YES_AGGRESSIVE;
				GCC_WARN_UNUSED_FUNCTION = YES;
				GCC_WARN_UNUSED_VARIABLE = YES;
				IPHONEOS_DEPLOYMENT_TARGET = 11.2;
				MTL_ENABLE_DEBUG_INFO = YES;
				ONLY_ACTIVE_ARCH = YES;
				SDKROOT = iphoneos;
			};
			name = Debug;
		};
		32D21E352095BEB40007166D /* Release */ = {
			isa = XCBuildConfiguration;
			buildSettings = {
				ALWAYS_SEARCH_USER_PATHS = NO;
				CLANG_ANALYZER_NONNULL = YES;
				CLANG_ANALYZER_NUMBER_OBJECT_CONVERSION = YES_AGGRESSIVE;
				CLANG_CXX_LANGUAGE_STANDARD = "gnu++14";
				CLANG_CXX_LIBRARY = "libc++";
				CLANG_ENABLE_MODULES = YES;
				CLANG_ENABLE_OBJC_ARC = YES;
				CLANG_WARN_BLOCK_CAPTURE_AUTORELEASING = YES;
				CLANG_WARN_BOOL_CONVERSION = YES;
				CLANG_WARN_COMMA = YES;
				CLANG_WARN_CONSTANT_CONVERSION = YES;
				CLANG_WARN_DEPRECATED_OBJC_IMPLEMENTATIONS = YES;
				CLANG_WARN_DIRECT_OBJC_ISA_USAGE = YES_ERROR;
				CLANG_WARN_DOCUMENTATION_COMMENTS = YES;
				CLANG_WARN_EMPTY_BODY = YES;
				CLANG_WARN_ENUM_CONVERSION = YES;
				CLANG_WARN_INFINITE_RECURSION = YES;
				CLANG_WARN_INT_CONVERSION = YES;
				CLANG_WARN_NON_LITERAL_NULL_CONVERSION = YES;
				CLANG_WARN_OBJC_IMPLICIT_RETAIN_SELF = YES;
				CLANG_WARN_OBJC_LITERAL_CONVERSION = YES;
				CLANG_WARN_OBJC_ROOT_CLASS = YES_ERROR;
				CLANG_WARN_RANGE_LOOP_ANALYSIS = YES;
				CLANG_WARN_STRICT_PROTOTYPES = YES;
				CLANG_WARN_SUSPICIOUS_MOVE = YES;
				CLANG_WARN_UNGUARDED_AVAILABILITY = YES_AGGRESSIVE;
				CLANG_WARN_UNREACHABLE_CODE = YES;
				CLANG_WARN__DUPLICATE_METHOD_MATCH = YES;
				CODE_SIGN_IDENTITY = "iPhone Developer";
				COPY_PHASE_STRIP = NO;
				DEBUG_INFORMATION_FORMAT = "dwarf-with-dsym";
				ENABLE_NS_ASSERTIONS = NO;
				ENABLE_STRICT_OBJC_MSGSEND = YES;
				GCC_C_LANGUAGE_STANDARD = gnu11;
				GCC_NO_COMMON_BLOCKS = YES;
				GCC_WARN_64_TO_32_BIT_CONVERSION = YES;
				GCC_WARN_ABOUT_RETURN_TYPE = YES_ERROR;
				GCC_WARN_UNDECLARED_SELECTOR = YES;
				GCC_WARN_UNINITIALIZED_AUTOS = YES_AGGRESSIVE;
				GCC_WARN_UNUSED_FUNCTION = YES;
				GCC_WARN_UNUSED_VARIABLE = YES;
				IPHONEOS_DEPLOYMENT_TARGET = 11.2;
				MTL_ENABLE_DEBUG_INFO = NO;
				SDKROOT = iphoneos;
				VALIDATE_PRODUCT = YES;
			};
			name = Release;
		};
		32D21E372095BEB40007166D /* Debug */ = {
			isa = XCBuildConfiguration;
			buildSettings = {
				ASSETCATALOG_COMPILER_APPICON_NAME = AppIcon;
				CODE_SIGN_STYLE = Automatic;
				DEVELOPMENT_TEAM = T7VR5AMBYN;
				INFOPLIST_FILE = "initials-project-ios/Info.plist";
				LD_RUNPATH_SEARCH_PATHS = "$(inherited) @executable_path/Frameworks";
				PRODUCT_BUNDLE_IDENTIFIER = "com.vladislavitsi.initials-project-ios";
				PRODUCT_NAME = "$(TARGET_NAME)";
				TARGETED_DEVICE_FAMILY = "1,2";
			};
			name = Debug;
		};
		32D21E382095BEB40007166D /* Release */ = {
			isa = XCBuildConfiguration;
			buildSettings = {
				ASSETCATALOG_COMPILER_APPICON_NAME = AppIcon;
				CODE_SIGN_STYLE = Automatic;
				DEVELOPMENT_TEAM = T7VR5AMBYN;
				INFOPLIST_FILE = "initials-project-ios/Info.plist";
				LD_RUNPATH_SEARCH_PATHS = "$(inherited) @executable_path/Frameworks";
				PRODUCT_BUNDLE_IDENTIFIER = "com.vladislavitsi.initials-project-ios";
				PRODUCT_NAME = "$(TARGET_NAME)";
				TARGETED_DEVICE_FAMILY = "1,2";
			};
			name = Release;
		};
/* End XCBuildConfiguration section */

/* Begin XCConfigurationList section */
		32D21E1B2095BEB30007166D /* Build configuration list for PBXProject "initials-project-ios" */ = {
			isa = XCConfigurationList;
			buildConfigurations = (
				32D21E342095BEB40007166D /* Debug */,
				32D21E352095BEB40007166D /* Release */,
			);
			defaultConfigurationIsVisible = 0;
			defaultConfigurationName = Release;
		};
		32D21E362095BEB40007166D /* Build configuration list for PBXNativeTarget "initials-project-ios" */ = {
			isa = XCConfigurationList;
			buildConfigurations = (
				32D21E372095BEB40007166D /* Debug */,
				32D21E382095BEB40007166D /* Release */,
			);
			defaultConfigurationIsVisible = 0;
			defaultConfigurationName = Release;
		};
/* End XCConfigurationList section */
	};
	rootObject = 32D21E182095BEB30007166D /* Project object */;
}
