// !$*UTF8*$!
{
	archiveVersion = 1;
	classes = {
	};
	objectVersion = 48;
	objects = {

/* Begin PBXBuildFile section */
		218EB076D3F6666A72454DB2 /* GalleryTableViewCell.m in Sources */ = {isa = PBXBuildFile; fileRef = 218EB99F317E8B36CCC82EAD /* GalleryTableViewCell.m */; };
		218EB0A332975510A11EBC1E /* MainMenuViewController.m in Sources */ = {isa = PBXBuildFile; fileRef = 218EB17EE2AD654C485EA0DC /* MainMenuViewController.m */; };
		218EB0B7898CAAB0FED91579 /* NavigationController.m in Sources */ = {isa = PBXBuildFile; fileRef = 218EB5FA8B63B6E41104A8F8 /* NavigationController.m */; };
		218EB17A8C9A7584958A63F6 /* Preview.xib in Resources */ = {isa = PBXBuildFile; fileRef = 218EB7F7EE1BF0A8EBC20A4A /* Preview.xib */; };
		218EB224A5770A83424B91F3 /* OptionCollectionDAO.m in Sources */ = {isa = PBXBuildFile; fileRef = 218EB8C5DBD1D9C94FEB5F17 /* OptionCollectionDAO.m */; };
		218EB4B2580F31C1613FC786 /* IPFont.m in Sources */ = {isa = PBXBuildFile; fileRef = 218EBE6B12CF35E596DC2C1C /* IPFont.m */; };
		218EB4FBFE0EC51FA27ABC93 /* AbstractOption.m in Sources */ = {isa = PBXBuildFile; fileRef = 218EB67C0269D55D8321DC99 /* AbstractOption.m */; };
		218EB51E2853544A8D638758 /* UserData.m in Sources */ = {isa = PBXBuildFile; fileRef = 218EBD9D27F467410E03BD7D /* UserData.m */; };
		218EB5A8EBEFB907B601A274 /* IPCreationConfiguration.m in Sources */ = {isa = PBXBuildFile; fileRef = 218EBEEF228D6F2590E6CD55 /* IPCreationConfiguration.m */; };
		218EB70D76D89B17101C96E5 /* CreationTableViewController.m in Sources */ = {isa = PBXBuildFile; fileRef = 218EBA7164C7BE9D2AF7DA31 /* CreationTableViewController.m */; };
		218EB86AEB0A80F2B5BFCF9A /* OptionDAO.m in Sources */ = {isa = PBXBuildFile; fileRef = 218EB62D7D99F024D9361096 /* OptionDAO.m */; };
		218EB9B6000051C541CF7113 /* GalleryTableViewCell.xib in Resources */ = {isa = PBXBuildFile; fileRef = 218EB5D0C60F18E3176EEB31 /* GalleryTableViewCell.xib */; };
		218EBA3624A861C215A1666E /* TableViewCell.m in Sources */ = {isa = PBXBuildFile; fileRef = 218EB7F94479A2F2714D92D2 /* TableViewCell.m */; };
		218EBA84D84858476EE0F084 /* NameDialogAlertController.m in Sources */ = {isa = PBXBuildFile; fileRef = 218EBFF0B4848030EAB571C5 /* NameDialogAlertController.m */; };
		218EBBC58170C4ABC65F4809 /* IPConfigurationConfigurator.m in Sources */ = {isa = PBXBuildFile; fileRef = 218EB058EDA19D8314A2365B /* IPConfigurationConfigurator.m */; };
		218EBC358003BD379A518F2B /* ExamplePreviewViewController.m in Sources */ = {isa = PBXBuildFile; fileRef = 218EBEE7839E13205F1CFFDC /* ExamplePreviewViewController.m */; };
		218EBD3A2606F65C69C2F2F7 /* Pattern.m in Sources */ = {isa = PBXBuildFile; fileRef = 218EB92D63B8CB61CA952326 /* Pattern.m */; };
		218EBD7655495BB483B79E4D /* AbstractPreviewViewController.m in Sources */ = {isa = PBXBuildFile; fileRef = 218EB2E3096BCCF1A2A70397 /* AbstractPreviewViewController.m */; };
		218EBDB780EA41DE9B86AD6A /* IPFileManager.m in Sources */ = {isa = PBXBuildFile; fileRef = 218EBB473A71F6C55E80E601 /* IPFileManager.m */; };
		218EBDBA8BBA8D7DBC8EE52A /* LetterPattern.m in Sources */ = {isa = PBXBuildFile; fileRef = 218EBF2069DC272CE2C7674E /* LetterPattern.m */; };
		218EBE266762EDA23E077ECC /* PreviewCell.xib in Resources */ = {isa = PBXBuildFile; fileRef = 218EBEF5A7AD58B33040896B /* PreviewCell.xib */; };
		218EBE8A845543C8303AC6EF /* UserDefaultsUserData.m in Sources */ = {isa = PBXBuildFile; fileRef = 218EBEA4B2A6BD5C483AB4A1 /* UserDefaultsUserData.m */; };
		218EBF9FD15EB63D6D42E74A /* ResultViewController.m in Sources */ = {isa = PBXBuildFile; fileRef = 218EB1A67C1F77AC01680F8B /* ResultViewController.m */; };
		218EBFC86D3F650DC74506E9 /* IPColor.m in Sources */ = {isa = PBXBuildFile; fileRef = 218EBE348E80369C3AA297DA /* IPColor.m */; };
		218EBFD0551B237C0407557E /* GalleryDetailsViewController.m in Sources */ = {isa = PBXBuildFile; fileRef = 218EBFD89C1E2C40B81F6AC5 /* GalleryDetailsViewController.m */; };
		218EBFDC3484FDE44E8C6BEB /* GalleryTableViewController.m in Sources */ = {isa = PBXBuildFile; fileRef = 218EB49236925873AE820586 /* GalleryTableViewController.m */; };
		321228E420D3C420004BD323 /* InputProcessor.swift in Sources */ = {isa = PBXBuildFile; fileRef = 321228E320D3C420004BD323 /* InputProcessor.swift */; };
		321228E820D3E0FF004BD323 /* DateExtension.swift in Sources */ = {isa = PBXBuildFile; fileRef = 321228E720D3E0FF004BD323 /* DateExtension.swift */; };
		321228EB20D3E915004BD323 /* MailHandler.swift in Sources */ = {isa = PBXBuildFile; fileRef = 321228EA20D3E915004BD323 /* MailHandler.swift */; };
		321228ED20D3EE58004BD323 /* InitialsViewConfigurator.swift in Sources */ = {isa = PBXBuildFile; fileRef = 321228EC20D3EE58004BD323 /* InitialsViewConfigurator.swift */; };
		321228F120D3F6DE004BD323 /* Screenshotter.swift in Sources */ = {isa = PBXBuildFile; fileRef = 321228F020D3F6DE004BD323 /* Screenshotter.swift */; };
		32160DAE20C67C3200E38F48 /* CoreDataUserDataDAO.m in Sources */ = {isa = PBXBuildFile; fileRef = 32160DAD20C67C3200E38F48 /* CoreDataUserDataDAO.m */; };
		32728D7420C57C0D0026B744 /* Model.xcdatamodeld in Sources */ = {isa = PBXBuildFile; fileRef = 32728D7220C57C0D0026B744 /* Model.xcdatamodeld */; };
		32728D7720C57EA20026B744 /* IPCoreDataController.m in Sources */ = {isa = PBXBuildFile; fileRef = 32728D7620C57EA20026B744 /* IPCoreDataController.m */; };
		32728D8B20C586FB0026B744 /* ModelUserData+CoreDataClass.m in Sources */ = {isa = PBXBuildFile; fileRef = 32728D8820C586FB0026B744 /* ModelUserData+CoreDataClass.m */; };
		32728D8C20C586FB0026B744 /* ModelUserData+CoreDataProperties.m in Sources */ = {isa = PBXBuildFile; fileRef = 32728D8A20C586FB0026B744 /* ModelUserData+CoreDataProperties.m */; };
		32C6843E20B30D920065622B /* Resource in Resources */ = {isa = PBXBuildFile; fileRef = 32C6843D20B30D920065622B /* Resource */; };
		32D21E252095BEB30007166D /* AppDelegate.m in Sources */ = {isa = PBXBuildFile; fileRef = 32D21E242095BEB30007166D /* AppDelegate.m */; };
		32D21E2B2095BEB30007166D /* Main.storyboard in Resources */ = {isa = PBXBuildFile; fileRef = 32D21E292095BEB30007166D /* Main.storyboard */; };
		32D21E2D2095BEB40007166D /* Assets.xcassets in Resources */ = {isa = PBXBuildFile; fileRef = 32D21E2C2095BEB40007166D /* Assets.xcassets */; };
		32D21E302095BEB40007166D /* LaunchScreen.storyboard in Resources */ = {isa = PBXBuildFile; fileRef = 32D21E2E2095BEB40007166D /* LaunchScreen.storyboard */; };
		32D21E332095BEB40007166D /* main.m in Sources */ = {isa = PBXBuildFile; fileRef = 32D21E322095BEB40007166D /* main.m */; };
		32D8A40020AF062500C7FCDA /* MainControllerExamplesDelegate.m in Sources */ = {isa = PBXBuildFile; fileRef = 32D8A3FF20AF062500C7FCDA /* MainControllerExamplesDelegate.m */; };
		32E758A620B315320029CA96 /* IndieFlower.ttf in Resources */ = {isa = PBXBuildFile; fileRef = 32E758A520B315320029CA96 /* IndieFlower.ttf */; };
		32E758A820B315CD0029CA96 /* PoiretOne-Regular.ttf in Resources */ = {isa = PBXBuildFile; fileRef = 32E758A720B315CD0029CA96 /* PoiretOne-Regular.ttf */; };
		593EF1AD20AB3B9F00C77113 /* GalleryTableController.m in Sources */ = {isa = PBXBuildFile; fileRef = 593EF1AC20AB3B9F00C77113 /* GalleryTableController.m */; };
		593EF1B520AC29BC00C77113 /* MainControllerGalleryDelegate.m in Sources */ = {isa = PBXBuildFile; fileRef = 593EF1B420AC29BC00C77113 /* MainControllerGalleryDelegate.m */; };
		597CDBF420A6024B00616CDE /* MainController.m in Sources */ = {isa = PBXBuildFile; fileRef = 597CDBF320A6024A00616CDE /* MainController.m */; };
		59C567BB20A6F5830017EB70 /* MainControllerStartDelegate.m in Sources */ = {isa = PBXBuildFile; fileRef = 59C567BA20A6F5830017EB70 /* MainControllerStartDelegate.m */; };
		59C88C3A20A6FCBF0060C856 /* CreationTableController.m in Sources */ = {isa = PBXBuildFile; fileRef = 59C88C3920A6FCBF0060C856 /* CreationTableController.m */; };
/* End PBXBuildFile section */

/* Begin PBXFileReference section */
		218EB058EDA19D8314A2365B /* IPConfigurationConfigurator.m */ = {isa = PBXFileReference; fileEncoding = 4; lastKnownFileType = sourcecode.c.objc; path = IPConfigurationConfigurator.m; sourceTree = "<group>"; };
		218EB07E2FAC24B5F27A3185 /* Pattern.h */ = {isa = PBXFileReference; fileEncoding = 4; lastKnownFileType = sourcecode.c.h; path = Pattern.h; sourceTree = "<group>"; };
		218EB0922E214B8AEF9DBA2C /* NameDialogAlertController.h */ = {isa = PBXFileReference; fileEncoding = 4; lastKnownFileType = sourcecode.c.h; path = NameDialogAlertController.h; sourceTree = "<group>"; };
		218EB09675B19E644DB5261D /* InitialsViewConfigurator.h */ = {isa = PBXFileReference; fileEncoding = 4; lastKnownFileType = sourcecode.c.h; path = InitialsViewConfigurator.h; sourceTree = "<group>"; };
		218EB0AC45F92BE4636F3A64 /* UserDefaultsUserData.h */ = {isa = PBXFileReference; fileEncoding = 4; lastKnownFileType = sourcecode.c.h; path = UserDefaultsUserData.h; sourceTree = "<group>"; };
		218EB17EE2AD654C485EA0DC /* MainMenuViewController.m */ = {isa = PBXFileReference; fileEncoding = 4; lastKnownFileType = sourcecode.c.objc; path = MainMenuViewController.m; sourceTree = "<group>"; };
		218EB1A67C1F77AC01680F8B /* ResultViewController.m */ = {isa = PBXFileReference; fileEncoding = 4; lastKnownFileType = sourcecode.c.objc; path = ResultViewController.m; sourceTree = "<group>"; };
		218EB21DC1A42E7E5AC8FC16 /* IPFileManager.h */ = {isa = PBXFileReference; fileEncoding = 4; lastKnownFileType = sourcecode.c.h; path = IPFileManager.h; sourceTree = "<group>"; };
		218EB2795FF3C472A1ACBEDD /* NSDate+IPDateFormatters.m */ = {isa = PBXFileReference; fileEncoding = 4; lastKnownFileType = sourcecode.c.objc; path = "NSDate+IPDateFormatters.m"; sourceTree = "<group>"; };
		218EB2AF6F565E814C575373 /* UserData.h */ = {isa = PBXFileReference; fileEncoding = 4; lastKnownFileType = sourcecode.c.h; path = UserData.h; sourceTree = "<group>"; };
		218EB2B59ECF4AFFE8F4AAA5 /* GalleryTableViewController.h */ = {isa = PBXFileReference; fileEncoding = 4; lastKnownFileType = sourcecode.c.h; path = GalleryTableViewController.h; sourceTree = "<group>"; };
		218EB2E3096BCCF1A2A70397 /* AbstractPreviewViewController.m */ = {isa = PBXFileReference; fileEncoding = 4; lastKnownFileType = sourcecode.c.objc; path = AbstractPreviewViewController.m; sourceTree = "<group>"; };
		218EB306761D929C14EE5D93 /* UserDataDAOProtocol.h */ = {isa = PBXFileReference; fileEncoding = 4; lastKnownFileType = sourcecode.c.h; path = UserDataDAOProtocol.h; sourceTree = "<group>"; };
		218EB3BF97860533F7F55280 /* IPColor.h */ = {isa = PBXFileReference; fileEncoding = 4; lastKnownFileType = sourcecode.c.h; path = IPColor.h; sourceTree = "<group>"; };
		218EB3E7F8F75C83AAC6EC0E /* IPConfigurationConfigurator.h */ = {isa = PBXFileReference; fileEncoding = 4; lastKnownFileType = sourcecode.c.h; path = IPConfigurationConfigurator.h; sourceTree = "<group>"; };
		218EB49236925873AE820586 /* GalleryTableViewController.m */ = {isa = PBXFileReference; fileEncoding = 4; lastKnownFileType = sourcecode.c.objc; path = GalleryTableViewController.m; sourceTree = "<group>"; };
		218EB501A84AF1B7621DEC2F /* TableViewCell.h */ = {isa = PBXFileReference; fileEncoding = 4; lastKnownFileType = sourcecode.c.h; path = TableViewCell.h; sourceTree = "<group>"; };
		218EB5D0C60F18E3176EEB31 /* GalleryTableViewCell.xib */ = {isa = PBXFileReference; lastKnownFileType = file.xib; path = GalleryTableViewCell.xib; sourceTree = "<group>"; };
		218EB5DA86B4294234559D61 /* AbstractPreviewViewController.h */ = {isa = PBXFileReference; fileEncoding = 4; lastKnownFileType = sourcecode.c.h; path = AbstractPreviewViewController.h; sourceTree = "<group>"; };
		218EB5FA8B63B6E41104A8F8 /* NavigationController.m */ = {isa = PBXFileReference; fileEncoding = 4; lastKnownFileType = sourcecode.c.objc; path = NavigationController.m; sourceTree = "<group>"; };
		218EB62D7D99F024D9361096 /* OptionDAO.m */ = {isa = PBXFileReference; fileEncoding = 4; lastKnownFileType = sourcecode.c.objc; path = OptionDAO.m; sourceTree = "<group>"; };
		218EB67C0269D55D8321DC99 /* AbstractOption.m */ = {isa = PBXFileReference; fileEncoding = 4; lastKnownFileType = sourcecode.c.objc; path = AbstractOption.m; sourceTree = "<group>"; };
		218EB7F7EE1BF0A8EBC20A4A /* Preview.xib */ = {isa = PBXFileReference; lastKnownFileType = file.xib; path = Preview.xib; sourceTree = "<group>"; };
		218EB7F94479A2F2714D92D2 /* TableViewCell.m */ = {isa = PBXFileReference; fileEncoding = 4; lastKnownFileType = sourcecode.c.objc; path = TableViewCell.m; sourceTree = "<group>"; };
		218EB85E1DECCBC6BBD118C9 /* MainMenuViewController.h */ = {isa = PBXFileReference; fileEncoding = 4; lastKnownFileType = sourcecode.c.h; path = MainMenuViewController.h; sourceTree = "<group>"; };
		218EB8790810107495744090 /* Screenshotter.h */ = {isa = PBXFileReference; fileEncoding = 4; lastKnownFileType = sourcecode.c.h; path = Screenshotter.h; sourceTree = "<group>"; };
		218EB87BBB4A5E4FDED10AF6 /* ExamplePreviewViewController.h */ = {isa = PBXFileReference; fileEncoding = 4; lastKnownFileType = sourcecode.c.h; path = ExamplePreviewViewController.h; sourceTree = "<group>"; };
		218EB8C5DBD1D9C94FEB5F17 /* OptionCollectionDAO.m */ = {isa = PBXFileReference; fileEncoding = 4; lastKnownFileType = sourcecode.c.objc; path = OptionCollectionDAO.m; sourceTree = "<group>"; };
		218EB92D63B8CB61CA952326 /* Pattern.m */ = {isa = PBXFileReference; fileEncoding = 4; lastKnownFileType = sourcecode.c.objc; path = Pattern.m; sourceTree = "<group>"; };
		218EB99F317E8B36CCC82EAD /* GalleryTableViewCell.m */ = {isa = PBXFileReference; fileEncoding = 4; lastKnownFileType = sourcecode.c.objc; path = GalleryTableViewCell.m; sourceTree = "<group>"; };
		218EB9D62F97E2A9F966FE5B /* Screenshotter.m */ = {isa = PBXFileReference; fileEncoding = 4; lastKnownFileType = sourcecode.c.objc; path = Screenshotter.m; sourceTree = "<group>"; };
		218EBA4A9FF904F32682F923 /* OptionDAO.h */ = {isa = PBXFileReference; fileEncoding = 4; lastKnownFileType = sourcecode.c.h; path = OptionDAO.h; sourceTree = "<group>"; };
		218EBA7164C7BE9D2AF7DA31 /* CreationTableViewController.m */ = {isa = PBXFileReference; fileEncoding = 4; lastKnownFileType = sourcecode.c.objc; path = CreationTableViewController.m; sourceTree = "<group>"; };
		218EBB1897390A802B5A9C34 /* GalleryDetailsViewController.h */ = {isa = PBXFileReference; fileEncoding = 4; lastKnownFileType = sourcecode.c.h; path = GalleryDetailsViewController.h; sourceTree = "<group>"; };
		218EBB473A71F6C55E80E601 /* IPFileManager.m */ = {isa = PBXFileReference; fileEncoding = 4; lastKnownFileType = sourcecode.c.objc; path = IPFileManager.m; sourceTree = "<group>"; };
		218EBB4AD4266983FDF1F46E /* AbstractOption.h */ = {isa = PBXFileReference; fileEncoding = 4; lastKnownFileType = sourcecode.c.h; path = AbstractOption.h; sourceTree = "<group>"; };
		218EBB538AE194DEFFC598CA /* LetterPattern.h */ = {isa = PBXFileReference; fileEncoding = 4; lastKnownFileType = sourcecode.c.h; path = LetterPattern.h; sourceTree = "<group>"; };
		218EBB589FEC9F3D2A8BD91E /* GalleryTableViewCell.h */ = {isa = PBXFileReference; fileEncoding = 4; lastKnownFileType = sourcecode.c.h; path = GalleryTableViewCell.h; sourceTree = "<group>"; };
		218EBC49213B072863937DDE /* IPCreationConfiguration.h */ = {isa = PBXFileReference; fileEncoding = 4; lastKnownFileType = sourcecode.c.h; path = IPCreationConfiguration.h; sourceTree = "<group>"; };
		218EBD03BCD0239F1227276D /* NSDate+IPDateFormatters.h */ = {isa = PBXFileReference; fileEncoding = 4; lastKnownFileType = sourcecode.c.h; path = "NSDate+IPDateFormatters.h"; sourceTree = "<group>"; };
		218EBD716ECAE45ADAFCE32E /* ResultViewController.h */ = {isa = PBXFileReference; fileEncoding = 4; lastKnownFileType = sourcecode.c.h; path = ResultViewController.h; sourceTree = "<group>"; };
		218EBD9D27F467410E03BD7D /* UserData.m */ = {isa = PBXFileReference; fileEncoding = 4; lastKnownFileType = sourcecode.c.objc; path = UserData.m; sourceTree = "<group>"; };
		218EBDA136C9EA8E0E07F1DC /* CreationTableViewController.h */ = {isa = PBXFileReference; fileEncoding = 4; lastKnownFileType = sourcecode.c.h; path = CreationTableViewController.h; sourceTree = "<group>"; };
		218EBE17C32554F8E767B351 /* OptionCollectionDAO.h */ = {isa = PBXFileReference; fileEncoding = 4; lastKnownFileType = sourcecode.c.h; path = OptionCollectionDAO.h; sourceTree = "<group>"; };
		218EBE348E80369C3AA297DA /* IPColor.m */ = {isa = PBXFileReference; fileEncoding = 4; lastKnownFileType = sourcecode.c.objc; path = IPColor.m; sourceTree = "<group>"; };
		218EBE6B12CF35E596DC2C1C /* IPFont.m */ = {isa = PBXFileReference; fileEncoding = 4; lastKnownFileType = sourcecode.c.objc; path = IPFont.m; sourceTree = "<group>"; };
		218EBE8CE40D6B30C254820A /* IPFont.h */ = {isa = PBXFileReference; fileEncoding = 4; lastKnownFileType = sourcecode.c.h; path = IPFont.h; sourceTree = "<group>"; };
		218EBEA4B2A6BD5C483AB4A1 /* UserDefaultsUserData.m */ = {isa = PBXFileReference; fileEncoding = 4; lastKnownFileType = sourcecode.c.objc; path = UserDefaultsUserData.m; sourceTree = "<group>"; };
		218EBEE7839E13205F1CFFDC /* ExamplePreviewViewController.m */ = {isa = PBXFileReference; fileEncoding = 4; lastKnownFileType = sourcecode.c.objc; path = ExamplePreviewViewController.m; sourceTree = "<group>"; };
		218EBEEF228D6F2590E6CD55 /* IPCreationConfiguration.m */ = {isa = PBXFileReference; fileEncoding = 4; lastKnownFileType = sourcecode.c.objc; path = IPCreationConfiguration.m; sourceTree = "<group>"; };
		218EBEF5A7AD58B33040896B /* PreviewCell.xib */ = {isa = PBXFileReference; lastKnownFileType = file.xib; path = PreviewCell.xib; sourceTree = "<group>"; };
		218EBF2069DC272CE2C7674E /* LetterPattern.m */ = {isa = PBXFileReference; fileEncoding = 4; lastKnownFileType = sourcecode.c.objc; path = LetterPattern.m; sourceTree = "<group>"; };
		218EBFD3577CBFD8F079084E /* InitialsViewConfigurator.m */ = {isa = PBXFileReference; fileEncoding = 4; lastKnownFileType = sourcecode.c.objc; path = InitialsViewConfigurator.m; sourceTree = "<group>"; };
		218EBFD89C1E2C40B81F6AC5 /* GalleryDetailsViewController.m */ = {isa = PBXFileReference; fileEncoding = 4; lastKnownFileType = sourcecode.c.objc; path = GalleryDetailsViewController.m; sourceTree = "<group>"; };
		218EBFEB640B060FB660DB7A /* NavigationController.h */ = {isa = PBXFileReference; fileEncoding = 4; lastKnownFileType = sourcecode.c.h; path = NavigationController.h; sourceTree = "<group>"; };
		218EBFF0B4848030EAB571C5 /* NameDialogAlertController.m */ = {isa = PBXFileReference; fileEncoding = 4; lastKnownFileType = sourcecode.c.objc; path = NameDialogAlertController.m; sourceTree = "<group>"; };
		321228E220D3C41F004BD323 /* initials-project-ios-Bridging-Header.h */ = {isa = PBXFileReference; lastKnownFileType = sourcecode.c.h; path = "initials-project-ios-Bridging-Header.h"; sourceTree = "<group>"; };
		321228E320D3C420004BD323 /* InputProcessor.swift */ = {isa = PBXFileReference; lastKnownFileType = sourcecode.swift; path = InputProcessor.swift; sourceTree = "<group>"; };
		321228E720D3E0FF004BD323 /* DateExtension.swift */ = {isa = PBXFileReference; lastKnownFileType = sourcecode.swift; path = DateExtension.swift; sourceTree = "<group>"; };
		321228EA20D3E915004BD323 /* MailHandler.swift */ = {isa = PBXFileReference; lastKnownFileType = sourcecode.swift; path = MailHandler.swift; sourceTree = "<group>"; };
		321228EC20D3EE58004BD323 /* InitialsViewConfigurator.swift */ = {isa = PBXFileReference; lastKnownFileType = sourcecode.swift; path = InitialsViewConfigurator.swift; sourceTree = "<group>"; };
		321228F020D3F6DE004BD323 /* Screenshotter.swift */ = {isa = PBXFileReference; lastKnownFileType = sourcecode.swift; path = Screenshotter.swift; sourceTree = "<group>"; };
		32160DA720C66A2400E38F48 /* UserDataProtocol.h */ = {isa = PBXFileReference; lastKnownFileType = sourcecode.c.h; path = UserDataProtocol.h; sourceTree = "<group>"; };
		32160DAC20C67C3200E38F48 /* CoreDataUserDataDAO.h */ = {isa = PBXFileReference; lastKnownFileType = sourcecode.c.h; path = CoreDataUserDataDAO.h; sourceTree = "<group>"; };
		32160DAD20C67C3200E38F48 /* CoreDataUserDataDAO.m */ = {isa = PBXFileReference; lastKnownFileType = sourcecode.c.objc; path = CoreDataUserDataDAO.m; sourceTree = "<group>"; };
		32728D7320C57C0D0026B744 /* Model.xcdatamodel */ = {isa = PBXFileReference; lastKnownFileType = wrapper.xcdatamodel; path = Model.xcdatamodel; sourceTree = "<group>"; };
		32728D7520C57EA20026B744 /* IPCoreDataController.h */ = {isa = PBXFileReference; lastKnownFileType = sourcecode.c.h; path = IPCoreDataController.h; sourceTree = "<group>"; };
		32728D7620C57EA20026B744 /* IPCoreDataController.m */ = {isa = PBXFileReference; lastKnownFileType = sourcecode.c.objc; path = IPCoreDataController.m; sourceTree = "<group>"; };
		32728D8720C586FB0026B744 /* ModelUserData+CoreDataClass.h */ = {isa = PBXFileReference; lastKnownFileType = sourcecode.c.h; path = "ModelUserData+CoreDataClass.h"; sourceTree = "<group>"; };
		32728D8820C586FB0026B744 /* ModelUserData+CoreDataClass.m */ = {isa = PBXFileReference; lastKnownFileType = sourcecode.c.objc; path = "ModelUserData+CoreDataClass.m"; sourceTree = "<group>"; };
		32728D8920C586FB0026B744 /* ModelUserData+CoreDataProperties.h */ = {isa = PBXFileReference; lastKnownFileType = sourcecode.c.h; path = "ModelUserData+CoreDataProperties.h"; sourceTree = "<group>"; };
		32728D8A20C586FB0026B744 /* ModelUserData+CoreDataProperties.m */ = {isa = PBXFileReference; lastKnownFileType = sourcecode.c.objc; path = "ModelUserData+CoreDataProperties.m"; sourceTree = "<group>"; };
		32C6843520B183110065622B /* MailHandler.h */ = {isa = PBXFileReference; fileEncoding = 4; lastKnownFileType = sourcecode.c.h; path = MailHandler.h; sourceTree = "<group>"; };
		32C6843620B183120065622B /* MailHandler.m */ = {isa = PBXFileReference; fileEncoding = 4; lastKnownFileType = sourcecode.c.objc; path = MailHandler.m; sourceTree = "<group>"; };
		32C6843820B187AA0065622B /* Constants.h */ = {isa = PBXFileReference; lastKnownFileType = sourcecode.c.h; path = Constants.h; sourceTree = "<group>"; };
		32C6843D20B30D920065622B /* Resource */ = {isa = PBXFileReference; lastKnownFileType = folder; path = Resource; sourceTree = "<group>"; };
		32D21E202095BEB30007166D /* initials-project-ios.app */ = {isa = PBXFileReference; explicitFileType = wrapper.application; includeInIndex = 0; path = "initials-project-ios.app"; sourceTree = BUILT_PRODUCTS_DIR; };
		32D21E232095BEB30007166D /* AppDelegate.h */ = {isa = PBXFileReference; lastKnownFileType = sourcecode.c.h; path = AppDelegate.h; sourceTree = "<group>"; };
		32D21E242095BEB30007166D /* AppDelegate.m */ = {isa = PBXFileReference; lastKnownFileType = sourcecode.c.objc; path = AppDelegate.m; sourceTree = "<group>"; };
		32D21E2A2095BEB30007166D /* Base */ = {isa = PBXFileReference; lastKnownFileType = file.storyboard; name = Base; path = Base.lproj/Main.storyboard; sourceTree = "<group>"; };
		32D21E2C2095BEB40007166D /* Assets.xcassets */ = {isa = PBXFileReference; lastKnownFileType = folder.assetcatalog; path = Assets.xcassets; sourceTree = "<group>"; };
		32D21E2F2095BEB40007166D /* Base */ = {isa = PBXFileReference; lastKnownFileType = file.storyboard; name = Base; path = Base.lproj/LaunchScreen.storyboard; sourceTree = "<group>"; };
		32D21E312095BEB40007166D /* Info.plist */ = {isa = PBXFileReference; lastKnownFileType = text.plist.xml; path = Info.plist; sourceTree = "<group>"; };
		32D21E322095BEB40007166D /* main.m */ = {isa = PBXFileReference; lastKnownFileType = sourcecode.c.objc; path = main.m; sourceTree = "<group>"; };
		32D8A3FE20AF062500C7FCDA /* MainControllerExamplesDelegate.h */ = {isa = PBXFileReference; lastKnownFileType = sourcecode.c.h; path = MainControllerExamplesDelegate.h; sourceTree = "<group>"; };
		32D8A3FF20AF062500C7FCDA /* MainControllerExamplesDelegate.m */ = {isa = PBXFileReference; lastKnownFileType = sourcecode.c.objc; path = MainControllerExamplesDelegate.m; sourceTree = "<group>"; };
		32E758A520B315320029CA96 /* IndieFlower.ttf */ = {isa = PBXFileReference; lastKnownFileType = file; path = IndieFlower.ttf; sourceTree = "<group>"; };
		32E758A720B315CD0029CA96 /* PoiretOne-Regular.ttf */ = {isa = PBXFileReference; lastKnownFileType = file; path = "PoiretOne-Regular.ttf"; sourceTree = "<group>"; };
		593EF1AB20AB3B9F00C77113 /* GalleryTableController.h */ = {isa = PBXFileReference; lastKnownFileType = sourcecode.c.h; path = GalleryTableController.h; sourceTree = "<group>"; };
		593EF1AC20AB3B9F00C77113 /* GalleryTableController.m */ = {isa = PBXFileReference; lastKnownFileType = sourcecode.c.objc; path = GalleryTableController.m; sourceTree = "<group>"; };
		593EF1B220AC27C100C77113 /* MainControllerDelegate.h */ = {isa = PBXFileReference; lastKnownFileType = sourcecode.c.h; path = MainControllerDelegate.h; sourceTree = "<group>"; };
		593EF1B320AC29BC00C77113 /* MainControllerGalleryDelegate.h */ = {isa = PBXFileReference; lastKnownFileType = sourcecode.c.h; path = MainControllerGalleryDelegate.h; sourceTree = "<group>"; };
		593EF1B420AC29BC00C77113 /* MainControllerGalleryDelegate.m */ = {isa = PBXFileReference; lastKnownFileType = sourcecode.c.objc; path = MainControllerGalleryDelegate.m; sourceTree = "<group>"; };
		597CDBF220A6024A00616CDE /* MainController.h */ = {isa = PBXFileReference; fileEncoding = 4; lastKnownFileType = sourcecode.c.h; path = MainController.h; sourceTree = "<group>"; };
		597CDBF320A6024A00616CDE /* MainController.m */ = {isa = PBXFileReference; fileEncoding = 4; lastKnownFileType = sourcecode.c.objc; path = MainController.m; sourceTree = "<group>"; };
		59C567B920A6F5830017EB70 /* MainControllerStartDelegate.h */ = {isa = PBXFileReference; lastKnownFileType = sourcecode.c.h; path = MainControllerStartDelegate.h; sourceTree = "<group>"; };
		59C567BA20A6F5830017EB70 /* MainControllerStartDelegate.m */ = {isa = PBXFileReference; lastKnownFileType = sourcecode.c.objc; path = MainControllerStartDelegate.m; sourceTree = "<group>"; };
		59C88C3820A6FCBF0060C856 /* CreationTableController.h */ = {isa = PBXFileReference; lastKnownFileType = sourcecode.c.h; path = CreationTableController.h; sourceTree = "<group>"; };
		59C88C3920A6FCBF0060C856 /* CreationTableController.m */ = {isa = PBXFileReference; lastKnownFileType = sourcecode.c.objc; path = CreationTableController.m; sourceTree = "<group>"; };
/* End PBXFileReference section */

/* Begin PBXFrameworksBuildPhase section */
		32D21E1D2095BEB30007166D /* Frameworks */ = {
			isa = PBXFrameworksBuildPhase;
			buildActionMask = 2147483647;
			files = (
			);
			runOnlyForDeploymentPostprocessing = 0;
		};
/* End PBXFrameworksBuildPhase section */

/* Begin PBXGroup section */
		218EB091A34A336A71A79B45 /* Options */ = {
			isa = PBXGroup;
			children = (
				218EB2100D570BB6A9B86057 /* FontFamily */,
				218EBC84022C510FAA17FD0A /* Color */,
				218EB4AFEA4BDE49C65E0E1B /* Pattern */,
				218EBB4AD4266983FDF1F46E /* AbstractOption.h */,
				218EB67C0269D55D8321DC99 /* AbstractOption.m */,
			);
			path = Options;
			sourceTree = "<group>";
		};
		218EB2100D570BB6A9B86057 /* FontFamily */ = {
			isa = PBXGroup;
			children = (
				218EBE8CE40D6B30C254820A /* IPFont.h */,
				218EBE6B12CF35E596DC2C1C /* IPFont.m */,
			);
			path = FontFamily;
			sourceTree = "<group>";
		};
		218EB2927C022CC940D9CF5A /* Start */ = {
			isa = PBXGroup;
			children = (
				218EB48DE111C9744592F84D /* NameDialogAlert */,
				218EBA5FBC1A4FB1EA42D924 /* Result */,
				218EBBFC19947BD7F29DD499 /* Table */,
			);
			path = Start;
			sourceTree = "<group>";
		};
		218EB2DD2EC618A8107FB8CD /* Configuration */ = {
			isa = PBXGroup;
			children = (
				218EBEEF228D6F2590E6CD55 /* IPCreationConfiguration.m */,
				218EBC49213B072863937DDE /* IPCreationConfiguration.h */,
			);
			path = Configuration;
			sourceTree = "<group>";
		};
		218EB36CE25BCCA761905BE3 /* View */ = {
			isa = PBXGroup;
			children = (
				218EB2927C022CC940D9CF5A /* Start */,
				218EB3A80A9CDB144D1797C1 /* Main */,
				218EBED725D3A91A34007BAB /* Examples */,
				218EB4ACDA2D595C5597419A /* Gallery */,
				218EBFC2BFADC00BDD0D399A /* Preview */,
			);
			path = View;
			sourceTree = "<group>";
		};
		218EB3A80A9CDB144D1797C1 /* Main */ = {
			isa = PBXGroup;
			children = (
				32D21E292095BEB30007166D /* Main.storyboard */,
				218EBFEB640B060FB660DB7A /* NavigationController.h */,
				218EB5FA8B63B6E41104A8F8 /* NavigationController.m */,
				218EB85E1DECCBC6BBD118C9 /* MainMenuViewController.h */,
				218EB17EE2AD654C485EA0DC /* MainMenuViewController.m */,
			);
			path = Main;
			sourceTree = "<group>";
		};
		218EB48DE111C9744592F84D /* NameDialogAlert */ = {
			isa = PBXGroup;
			children = (
				218EB0922E214B8AEF9DBA2C /* NameDialogAlertController.h */,
				218EBFF0B4848030EAB571C5 /* NameDialogAlertController.m */,
			);
			path = NameDialogAlert;
			sourceTree = "<group>";
		};
		218EB4ACDA2D595C5597419A /* Gallery */ = {
			isa = PBXGroup;
			children = (
				218EBED37832121D2A334127 /* Table */,
				218EB72473E0004E7C17D151 /* Details */,
			);
			path = Gallery;
			sourceTree = "<group>";
		};
		218EB4AFEA4BDE49C65E0E1B /* Pattern */ = {
			isa = PBXGroup;
			children = (
				218EBB538AE194DEFFC598CA /* LetterPattern.h */,
				218EBF2069DC272CE2C7674E /* LetterPattern.m */,
				218EB07E2FAC24B5F27A3185 /* Pattern.h */,
				218EB92D63B8CB61CA952326 /* Pattern.m */,
			);
			path = Pattern;
			sourceTree = "<group>";
		};
		218EB4C906602501B959FA10 /* OptionsDAO */ = {
			isa = PBXGroup;
			children = (
				218EB62D7D99F024D9361096 /* OptionDAO.m */,
				218EBA4A9FF904F32682F923 /* OptionDAO.h */,
				218EBE17C32554F8E767B351 /* OptionCollectionDAO.h */,
				218EB8C5DBD1D9C94FEB5F17 /* OptionCollectionDAO.m */,
			);
			path = OptionsDAO;
			sourceTree = "<group>";
		};
		218EB50485C82D165D9750C7 /* Model */ = {
			isa = PBXGroup;
			children = (
				218EB3E7F8F75C83AAC6EC0E /* IPConfigurationConfigurator.h */,
				218EB058EDA19D8314A2365B /* IPConfigurationConfigurator.m */,
				218EB21DC1A42E7E5AC8FC16 /* IPFileManager.h */,
				218EBB473A71F6C55E80E601 /* IPFileManager.m */,
			);
			path = Model;
			sourceTree = "<group>";
		};
		218EB72473E0004E7C17D151 /* Details */ = {
			isa = PBXGroup;
			children = (
				218EBB1897390A802B5A9C34 /* GalleryDetailsViewController.h */,
				218EBFD89C1E2C40B81F6AC5 /* GalleryDetailsViewController.m */,
			);
			path = Details;
			sourceTree = "<group>";
		};
		218EB7A8D799C1C1E467F3D4 /* View */ = {
			isa = PBXGroup;
			children = (
				321228EA20D3E915004BD323 /* MailHandler.swift */,
				321228EC20D3EE58004BD323 /* InitialsViewConfigurator.swift */,
				321228F020D3F6DE004BD323 /* Screenshotter.swift */,
			);
			path = View;
			sourceTree = "<group>";
		};
		218EBA5FBC1A4FB1EA42D924 /* Result */ = {
			isa = PBXGroup;
			children = (
				218EBD716ECAE45ADAFCE32E /* ResultViewController.h */,
				218EB1A67C1F77AC01680F8B /* ResultViewController.m */,
			);
			path = Result;
			sourceTree = "<group>";
		};
		218EBBFC19947BD7F29DD499 /* Table */ = {
			isa = PBXGroup;
			children = (
				218EB501A84AF1B7621DEC2F /* TableViewCell.h */,
				218EB7F94479A2F2714D92D2 /* TableViewCell.m */,
				218EBEF5A7AD58B33040896B /* PreviewCell.xib */,
				218EBDA136C9EA8E0E07F1DC /* CreationTableViewController.h */,
				218EBA7164C7BE9D2AF7DA31 /* CreationTableViewController.m */,
			);
			path = Table;
			sourceTree = "<group>";
		};
		218EBC84022C510FAA17FD0A /* Color */ = {
			isa = PBXGroup;
			children = (
				218EB3BF97860533F7F55280 /* IPColor.h */,
				218EBE348E80369C3AA297DA /* IPColor.m */,
			);
			path = Color;
			sourceTree = "<group>";
		};
		218EBED37832121D2A334127 /* Table */ = {
			isa = PBXGroup;
			children = (
				218EB2B59ECF4AFFE8F4AAA5 /* GalleryTableViewController.h */,
				218EB49236925873AE820586 /* GalleryTableViewController.m */,
				218EBB589FEC9F3D2A8BD91E /* GalleryTableViewCell.h */,
				218EB99F317E8B36CCC82EAD /* GalleryTableViewCell.m */,
				218EB5D0C60F18E3176EEB31 /* GalleryTableViewCell.xib */,
			);
			path = Table;
			sourceTree = "<group>";
		};
		218EBED725D3A91A34007BAB /* Examples */ = {
			isa = PBXGroup;
			children = (
				218EB87BBB4A5E4FDED10AF6 /* ExamplePreviewViewController.h */,
				218EBEE7839E13205F1CFFDC /* ExamplePreviewViewController.m */,
			);
			path = Examples;
			sourceTree = "<group>";
		};
		218EBEEB87031C6C494DBF99 /* User Data */ = {
			isa = PBXGroup;
			children = (
				32160DA920C67BD100E38F48 /* CoreData */,
				32160DA820C67BBB00E38F48 /* UserDefaults */,
				218EB306761D929C14EE5D93 /* UserDataDAOProtocol.h */,
				32160DA720C66A2400E38F48 /* UserDataProtocol.h */,
			);
			path = "User Data";
			sourceTree = "<group>";
		};
		218EBFC2BFADC00BDD0D399A /* Preview */ = {
			isa = PBXGroup;
			children = (
				218EB2E3096BCCF1A2A70397 /* AbstractPreviewViewController.m */,
				218EB5DA86B4294234559D61 /* AbstractPreviewViewController.h */,
				218EB7F7EE1BF0A8EBC20A4A /* Preview.xib */,
			);
			path = Preview;
			sourceTree = "<group>";
		};
		321228E920D3E8C6004BD323 /* objc */ = {
			isa = PBXGroup;
			children = (
				218EB09675B19E644DB5261D /* InitialsViewConfigurator.h */,
				218EBFD3577CBFD8F079084E /* InitialsViewConfigurator.m */,
				32C6843520B183110065622B /* MailHandler.h */,
				32C6843620B183120065622B /* MailHandler.m */,
				218EBD03BCD0239F1227276D /* NSDate+IPDateFormatters.h */,
				218EB2795FF3C472A1ACBEDD /* NSDate+IPDateFormatters.m */,
				218EB8790810107495744090 /* Screenshotter.h */,
				218EB9D62F97E2A9F966FE5B /* Screenshotter.m */,
			);
			name = objc;
			sourceTree = "<group>";
		};
		32160DA820C67BBB00E38F48 /* UserDefaults */ = {
			isa = PBXGroup;
			children = (
				218EB2AF6F565E814C575373 /* UserData.h */,
				218EBD9D27F467410E03BD7D /* UserData.m */,
				218EB0AC45F92BE4636F3A64 /* UserDefaultsUserData.h */,
				218EBEA4B2A6BD5C483AB4A1 /* UserDefaultsUserData.m */,
			);
			path = UserDefaults;
			sourceTree = "<group>";
		};
		32160DA920C67BD100E38F48 /* CoreData */ = {
			isa = PBXGroup;
			children = (
				32160DAA20C67BE500E38F48 /* Generated */,
				32728D8720C586FB0026B744 /* ModelUserData+CoreDataClass.h */,
				32728D8820C586FB0026B744 /* ModelUserData+CoreDataClass.m */,
				32160DAC20C67C3200E38F48 /* CoreDataUserDataDAO.h */,
				32160DAD20C67C3200E38F48 /* CoreDataUserDataDAO.m */,
			);
			path = CoreData;
			sourceTree = "<group>";
		};
		32160DAA20C67BE500E38F48 /* Generated */ = {
			isa = PBXGroup;
			children = (
				32728D8920C586FB0026B744 /* ModelUserData+CoreDataProperties.h */,
				32728D8A20C586FB0026B744 /* ModelUserData+CoreDataProperties.m */,
			);
			path = Generated;
			sourceTree = "<group>";
		};
		3288987A209C915800E1452A /* Model */ = {
			isa = PBXGroup;
			children = (
				218EBEEB87031C6C494DBF99 /* User Data */,
				218EB4C906602501B959FA10 /* OptionsDAO */,
				218EB2DD2EC618A8107FB8CD /* Configuration */,
				218EB091A34A336A71A79B45 /* Options */,
			);
			path = Model;
			sourceTree = "<group>";
		};
		32889888209C96A700E1452A /* Utility */ = {
			isa = PBXGroup;
			children = (
				321228E920D3E8C6004BD323 /* objc */,
				321228E320D3C420004BD323 /* InputProcessor.swift */,
				321228E720D3E0FF004BD323 /* DateExtension.swift */,
				218EB7A8D799C1C1E467F3D4 /* View */,
				218EB50485C82D165D9750C7 /* Model */,
			);
			path = Utility;
			sourceTree = "<group>";
		};
		3293C38720A5E0540090EECA /* Controller */ = {
			isa = PBXGroup;
			children = (
				593EF1B120AC270400C77113 /* Main */,
				593EF1B020AC26FB00C77113 /* Gallery */,
				593EF1AF20AC26EE00C77113 /* Examples */,
				593EF1AE20AC26E300C77113 /* Start */,
			);
			path = Controller;
			sourceTree = "<group>";
		};
		32D21E172095BEB30007166D = {
			isa = PBXGroup;
			children = (
				32D21E222095BEB30007166D /* initials-project-ios */,
				32D21E212095BEB30007166D /* Products */,
			);
			sourceTree = "<group>";
		};
		32D21E212095BEB30007166D /* Products */ = {
			isa = PBXGroup;
			children = (
				32D21E202095BEB30007166D /* initials-project-ios.app */,
			);
			name = Products;
			sourceTree = "<group>";
		};
		32D21E222095BEB30007166D /* initials-project-ios */ = {
			isa = PBXGroup;
			children = (
				321228E220D3C41F004BD323 /* initials-project-ios-Bridging-Header.h */,
				3293C38720A5E0540090EECA /* Controller */,
				32889888209C96A700E1452A /* Utility */,
				3288987A209C915800E1452A /* Model */,
				218EB36CE25BCCA761905BE3 /* View */,
				32C6843D20B30D920065622B /* Resource */,
				32D21E4E2095CF130007166D /* Support */,
				32728D7220C57C0D0026B744 /* Model.xcdatamodeld */,
			);
			path = "initials-project-ios";
			sourceTree = "<group>";
		};
		32D21E4E2095CF130007166D /* Support */ = {
			isa = PBXGroup;
			children = (
				32E758A720B315CD0029CA96 /* PoiretOne-Regular.ttf */,
				32E758A520B315320029CA96 /* IndieFlower.ttf */,
				32D21E2C2095BEB40007166D /* Assets.xcassets */,
				32D21E2E2095BEB40007166D /* LaunchScreen.storyboard */,
				32D21E232095BEB30007166D /* AppDelegate.h */,
				32D21E242095BEB30007166D /* AppDelegate.m */,
				32D21E312095BEB40007166D /* Info.plist */,
				32D21E322095BEB40007166D /* main.m */,
			);
			name = Support;
			sourceTree = "<group>";
		};
		593EF1AE20AC26E300C77113 /* Start */ = {
			isa = PBXGroup;
			children = (
				59C567B920A6F5830017EB70 /* MainControllerStartDelegate.h */,
				59C567BA20A6F5830017EB70 /* MainControllerStartDelegate.m */,
				59C88C3820A6FCBF0060C856 /* CreationTableController.h */,
				59C88C3920A6FCBF0060C856 /* CreationTableController.m */,
			);
			path = Start;
			sourceTree = "<group>";
		};
		593EF1AF20AC26EE00C77113 /* Examples */ = {
			isa = PBXGroup;
			children = (
				32D8A3FE20AF062500C7FCDA /* MainControllerExamplesDelegate.h */,
				32D8A3FF20AF062500C7FCDA /* MainControllerExamplesDelegate.m */,
			);
			path = Examples;
			sourceTree = "<group>";
		};
		593EF1B020AC26FB00C77113 /* Gallery */ = {
			isa = PBXGroup;
			children = (
				593EF1AB20AB3B9F00C77113 /* GalleryTableController.h */,
				593EF1AC20AB3B9F00C77113 /* GalleryTableController.m */,
				593EF1B320AC29BC00C77113 /* MainControllerGalleryDelegate.h */,
				593EF1B420AC29BC00C77113 /* MainControllerGalleryDelegate.m */,
			);
			path = Gallery;
			sourceTree = "<group>";
		};
		593EF1B120AC270400C77113 /* Main */ = {
			isa = PBXGroup;
			children = (
				597CDBF220A6024A00616CDE /* MainController.h */,
				597CDBF320A6024A00616CDE /* MainController.m */,
				593EF1B220AC27C100C77113 /* MainControllerDelegate.h */,
				32728D7520C57EA20026B744 /* IPCoreDataController.h */,
				32728D7620C57EA20026B744 /* IPCoreDataController.m */,
				32C6843820B187AA0065622B /* Constants.h */,
			);
			path = Main;
			sourceTree = "<group>";
		};
/* End PBXGroup section */

/* Begin PBXNativeTarget section */
		32D21E1F2095BEB30007166D /* initials-project-ios */ = {
			isa = PBXNativeTarget;
			buildConfigurationList = 32D21E362095BEB40007166D /* Build configuration list for PBXNativeTarget "initials-project-ios" */;
			buildPhases = (
				32D21E1C2095BEB30007166D /* Sources */,
				32D21E1D2095BEB30007166D /* Frameworks */,
				32D21E1E2095BEB30007166D /* Resources */,
			);
			buildRules = (
			);
			dependencies = (
			);
			name = "initials-project-ios";
			productName = "initials-project-ios";
			productReference = 32D21E202095BEB30007166D /* initials-project-ios.app */;
			productType = "com.apple.product-type.application";
		};
/* End PBXNativeTarget section */

/* Begin PBXProject section */
		32D21E182095BEB30007166D /* Project object */ = {
			isa = PBXProject;
			attributes = {
				LastUpgradeCheck = 0930;
				ORGANIZATIONNAME = "Uladzislau Kleshchanka";
				TargetAttributes = {
					32D21E1F2095BEB30007166D = {
						CreatedOnToolsVersion = 9.2;
						LastSwiftMigration = 0920;
						ProvisioningStyle = Automatic;
						SystemCapabilities = {
							com.apple.ApplicationGroups.iOS = {
								enabled = 0;
							};
						};
					};
				};
			};
			buildConfigurationList = 32D21E1B2095BEB30007166D /* Build configuration list for PBXProject "initials-project-ios" */;
			compatibilityVersion = "Xcode 8.0";
			developmentRegion = en;
			hasScannedForEncodings = 0;
			knownRegions = (
				en,
				Base,
			);
			mainGroup = 32D21E172095BEB30007166D;
			productRefGroup = 32D21E212095BEB30007166D /* Products */;
			projectDirPath = "";
			projectRoot = "";
			targets = (
				32D21E1F2095BEB30007166D /* initials-project-ios */,
			);
		};
/* End PBXProject section */

/* Begin PBXResourcesBuildPhase section */
		32D21E1E2095BEB30007166D /* Resources */ = {
			isa = PBXResourcesBuildPhase;
			buildActionMask = 2147483647;
			files = (
				32D21E302095BEB40007166D /* LaunchScreen.storyboard in Resources */,
				32D21E2D2095BEB40007166D /* Assets.xcassets in Resources */,
				32D21E2B2095BEB30007166D /* Main.storyboard in Resources */,
				218EBE266762EDA23E077ECC /* PreviewCell.xib in Resources */,
				218EB9B6000051C541CF7113 /* GalleryTableViewCell.xib in Resources */,
				32E758A820B315CD0029CA96 /* PoiretOne-Regular.ttf in Resources */,
				32C6843E20B30D920065622B /* Resource in Resources */,
				218EB17A8C9A7584958A63F6 /* Preview.xib in Resources */,
				32E758A620B315320029CA96 /* IndieFlower.ttf in Resources */,
			);
			runOnlyForDeploymentPostprocessing = 0;
		};
/* End PBXResourcesBuildPhase section */

/* Begin PBXSourcesBuildPhase section */
		32D21E1C2095BEB30007166D /* Sources */ = {
			isa = PBXSourcesBuildPhase;
			buildActionMask = 2147483647;
			files = (
				59C567BB20A6F5830017EB70 /* MainControllerStartDelegate.m in Sources */,
				321228E820D3E0FF004BD323 /* DateExtension.swift in Sources */,
				593EF1B520AC29BC00C77113 /* MainControllerGalleryDelegate.m in Sources */,
				32D21E332095BEB40007166D /* main.m in Sources */,
				59C88C3A20A6FCBF0060C856 /* CreationTableController.m in Sources */,
				597CDBF420A6024B00616CDE /* MainController.m in Sources */,
				593EF1AD20AB3B9F00C77113 /* GalleryTableController.m in Sources */,
				32D8A40020AF062500C7FCDA /* MainControllerExamplesDelegate.m in Sources */,
				321228ED20D3EE58004BD323 /* InitialsViewConfigurator.swift in Sources */,
				321228F120D3F6DE004BD323 /* Screenshotter.swift in Sources */,
				32D21E252095BEB30007166D /* AppDelegate.m in Sources */,
				218EB86AEB0A80F2B5BFCF9A /* OptionDAO.m in Sources */,
				218EB5A8EBEFB907B601A274 /* IPCreationConfiguration.m in Sources */,
				218EBBC58170C4ABC65F4809 /* IPConfigurationConfigurator.m in Sources */,
				218EBDB780EA41DE9B86AD6A /* IPFileManager.m in Sources */,
				218EB224A5770A83424B91F3 /* OptionCollectionDAO.m in Sources */,
				32728D8B20C586FB0026B744 /* ModelUserData+CoreDataClass.m in Sources */,
				32728D8C20C586FB0026B744 /* ModelUserData+CoreDataProperties.m in Sources */,
				218EB4B2580F31C1613FC786 /* IPFont.m in Sources */,
				218EBFC86D3F650DC74506E9 /* IPColor.m in Sources */,
				32728D7420C57C0D0026B744 /* Model.xcdatamodeld in Sources */,
				218EBDBA8BBA8D7DBC8EE52A /* LetterPattern.m in Sources */,
				218EBD3A2606F65C69C2F2F7 /* Pattern.m in Sources */,
				32160DAE20C67C3200E38F48 /* CoreDataUserDataDAO.m in Sources */,
				218EB51E2853544A8D638758 /* UserData.m in Sources */,
				218EBE8A845543C8303AC6EF /* UserDefaultsUserData.m in Sources */,
				218EB4FBFE0EC51FA27ABC93 /* AbstractOption.m in Sources */,
				218EBA84D84858476EE0F084 /* NameDialogAlertController.m in Sources */,
				218EBF9FD15EB63D6D42E74A /* ResultViewController.m in Sources */,
				218EBA3624A861C215A1666E /* TableViewCell.m in Sources */,
				218EB70D76D89B17101C96E5 /* CreationTableViewController.m in Sources */,
				218EB0B7898CAAB0FED91579 /* NavigationController.m in Sources */,
				32728D7720C57EA20026B744 /* IPCoreDataController.m in Sources */,
				218EB0A332975510A11EBC1E /* MainMenuViewController.m in Sources */,
				218EBC358003BD379A518F2B /* ExamplePreviewViewController.m in Sources */,
				321228E420D3C420004BD323 /* InputProcessor.swift in Sources */,
				218EBFDC3484FDE44E8C6BEB /* GalleryTableViewController.m in Sources */,
				218EB076D3F6666A72454DB2 /* GalleryTableViewCell.m in Sources */,
				218EBFD0551B237C0407557E /* GalleryDetailsViewController.m in Sources */,
				218EBD7655495BB483B79E4D /* AbstractPreviewViewController.m in Sources */,
				321228EB20D3E915004BD323 /* MailHandler.swift in Sources */,
			);
			runOnlyForDeploymentPostprocessing = 0;
		};
/* End PBXSourcesBuildPhase section */

/* Begin PBXVariantGroup section */
		32D21E292095BEB30007166D /* Main.storyboard */ = {
			isa = PBXVariantGroup;
			children = (
				32D21E2A2095BEB30007166D /* Base */,
			);
			name = Main.storyboard;
			sourceTree = "<group>";
		};
		32D21E2E2095BEB40007166D /* LaunchScreen.storyboard */ = {
			isa = PBXVariantGroup;
			children = (
				32D21E2F2095BEB40007166D /* Base */,
			);
			name = LaunchScreen.storyboard;
			sourceTree = "<group>";
		};
/* End PBXVariantGroup section */

/* Begin XCBuildConfiguration section */
		32D21E342095BEB40007166D /* Debug */ = {
			isa = XCBuildConfiguration;
			buildSettings = {
				ALWAYS_SEARCH_USER_PATHS = NO;
				CLANG_ANALYZER_NONNULL = YES;
				CLANG_ANALYZER_NUMBER_OBJECT_CONVERSION = YES_AGGRESSIVE;
				CLANG_CXX_LANGUAGE_STANDARD = "gnu++14";
				CLANG_CXX_LIBRARY = "libc++";
				CLANG_ENABLE_MODULES = YES;
				CLANG_ENABLE_OBJC_ARC = YES;
				CLANG_WARN_BLOCK_CAPTURE_AUTORELEASING = YES;
				CLANG_WARN_BOOL_CONVERSION = YES;
				CLANG_WARN_COMMA = YES;
				CLANG_WARN_CONSTANT_CONVERSION = YES;
				CLANG_WARN_DEPRECATED_OBJC_IMPLEMENTATIONS = YES;
				CLANG_WARN_DIRECT_OBJC_ISA_USAGE = YES_ERROR;
				CLANG_WARN_DOCUMENTATION_COMMENTS = YES;
				CLANG_WARN_EMPTY_BODY = YES;
				CLANG_WARN_ENUM_CONVERSION = YES;
				CLANG_WARN_INFINITE_RECURSION = YES;
				CLANG_WARN_INT_CONVERSION = YES;
				CLANG_WARN_NON_LITERAL_NULL_CONVERSION = YES;
				CLANG_WARN_OBJC_IMPLICIT_RETAIN_SELF = YES;
				CLANG_WARN_OBJC_LITERAL_CONVERSION = YES;
				CLANG_WARN_OBJC_ROOT_CLASS = YES_ERROR;
				CLANG_WARN_RANGE_LOOP_ANALYSIS = YES;
				CLANG_WARN_STRICT_PROTOTYPES = YES;
				CLANG_WARN_SUSPICIOUS_MOVE = YES;
				CLANG_WARN_UNGUARDED_AVAILABILITY = YES_AGGRESSIVE;
				CLANG_WARN_UNREACHABLE_CODE = YES;
				CLANG_WARN__DUPLICATE_METHOD_MATCH = YES;
				CODE_SIGN_IDENTITY = "iPhone Developer";
				COPY_PHASE_STRIP = NO;
				DEBUG_INFORMATION_FORMAT = dwarf;
				ENABLE_STRICT_OBJC_MSGSEND = YES;
				ENABLE_TESTABILITY = YES;
				GCC_C_LANGUAGE_STANDARD = gnu11;
				GCC_DYNAMIC_NO_PIC = NO;
				GCC_NO_COMMON_BLOCKS = YES;
				GCC_OPTIMIZATION_LEVEL = 0;
				GCC_PREPROCESSOR_DEFINITIONS = (
					"DEBUG=1",
					"$(inherited)",
				);
				GCC_WARN_64_TO_32_BIT_CONVERSION = YES;
				GCC_WARN_ABOUT_RETURN_TYPE = YES_ERROR;
				GCC_WARN_UNDECLARED_SELECTOR = YES;
				GCC_WARN_UNINITIALIZED_AUTOS = YES_AGGRESSIVE;
				GCC_WARN_UNUSED_FUNCTION = YES;
				GCC_WARN_UNUSED_VARIABLE = YES;
				IPHONEOS_DEPLOYMENT_TARGET = 11.2;
				MTL_ENABLE_DEBUG_INFO = YES;
				ONLY_ACTIVE_ARCH = YES;
				SDKROOT = iphoneos;
			};
			name = Debug;
		};
		32D21E352095BEB40007166D /* Release */ = {
			isa = XCBuildConfiguration;
			buildSettings = {
				ALWAYS_SEARCH_USER_PATHS = NO;
				CLANG_ANALYZER_NONNULL = YES;
				CLANG_ANALYZER_NUMBER_OBJECT_CONVERSION = YES_AGGRESSIVE;
				CLANG_CXX_LANGUAGE_STANDARD = "gnu++14";
				CLANG_CXX_LIBRARY = "libc++";
				CLANG_ENABLE_MODULES = YES;
				CLANG_ENABLE_OBJC_ARC = YES;
				CLANG_WARN_BLOCK_CAPTURE_AUTORELEASING = YES;
				CLANG_WARN_BOOL_CONVERSION = YES;
				CLANG_WARN_COMMA = YES;
				CLANG_WARN_CONSTANT_CONVERSION = YES;
				CLANG_WARN_DEPRECATED_OBJC_IMPLEMENTATIONS = YES;
				CLANG_WARN_DIRECT_OBJC_ISA_USAGE = YES_ERROR;
				CLANG_WARN_DOCUMENTATION_COMMENTS = YES;
				CLANG_WARN_EMPTY_BODY = YES;
				CLANG_WARN_ENUM_CONVERSION = YES;
				CLANG_WARN_INFINITE_RECURSION = YES;
				CLANG_WARN_INT_CONVERSION = YES;
				CLANG_WARN_NON_LITERAL_NULL_CONVERSION = YES;
				CLANG_WARN_OBJC_IMPLICIT_RETAIN_SELF = YES;
				CLANG_WARN_OBJC_LITERAL_CONVERSION = YES;
				CLANG_WARN_OBJC_ROOT_CLASS = YES_ERROR;
				CLANG_WARN_RANGE_LOOP_ANALYSIS = YES;
				CLANG_WARN_STRICT_PROTOTYPES = YES;
				CLANG_WARN_SUSPICIOUS_MOVE = YES;
				CLANG_WARN_UNGUARDED_AVAILABILITY = YES_AGGRESSIVE;
				CLANG_WARN_UNREACHABLE_CODE = YES;
				CLANG_WARN__DUPLICATE_METHOD_MATCH = YES;
				CODE_SIGN_IDENTITY = "iPhone Developer";
				COPY_PHASE_STRIP = NO;
				DEBUG_INFORMATION_FORMAT = "dwarf-with-dsym";
				ENABLE_NS_ASSERTIONS = NO;
				ENABLE_STRICT_OBJC_MSGSEND = YES;
				GCC_C_LANGUAGE_STANDARD = gnu11;
				GCC_NO_COMMON_BLOCKS = YES;
				GCC_WARN_64_TO_32_BIT_CONVERSION = YES;
				GCC_WARN_ABOUT_RETURN_TYPE = YES_ERROR;
				GCC_WARN_UNDECLARED_SELECTOR = YES;
				GCC_WARN_UNINITIALIZED_AUTOS = YES_AGGRESSIVE;
				GCC_WARN_UNUSED_FUNCTION = YES;
				GCC_WARN_UNUSED_VARIABLE = YES;
				IPHONEOS_DEPLOYMENT_TARGET = 11.2;
				MTL_ENABLE_DEBUG_INFO = NO;
				SDKROOT = iphoneos;
				VALIDATE_PRODUCT = YES;
			};
			name = Release;
		};
		32D21E372095BEB40007166D /* Debug */ = {
			isa = XCBuildConfiguration;
			buildSettings = {
				ASSETCATALOG_COMPILER_APPICON_NAME = AppIcon;
				CLANG_ENABLE_MODULES = YES;
				CODE_SIGN_IDENTITY = "iPhone Developer";
				CODE_SIGN_STYLE = Automatic;
				DEFINES_MODULE = YES;
				DEVELOPMENT_TEAM = T7VR5AMBYN;
				INFOPLIST_FILE = "initials-project-ios/Info.plist";
				LD_RUNPATH_SEARCH_PATHS = "$(inherited) @executable_path/Frameworks";
				PRODUCT_BUNDLE_IDENTIFIER = "com.vladislavitsi.initials-project-ios";
				PRODUCT_NAME = "$(TARGET_NAME)";
				PROVISIONING_PROFILE_SPECIFIER = "";
				SWIFT_OBJC_BRIDGING_HEADER = "/Users/uladzislau_kleshchan/OneDrive - EPAM/Projects/initials-project-ios/initials-project-ios/initials-project-ios-Bridging-Header.h";
				SWIFT_OPTIMIZATION_LEVEL = "-Onone";
				SWIFT_VERSION = 3.0;
				TARGETED_DEVICE_FAMILY = "1,2";
			};
			name = Debug;
		};
		32D21E382095BEB40007166D /* Release */ = {
			isa = XCBuildConfiguration;
			buildSettings = {
				ASSETCATALOG_COMPILER_APPICON_NAME = AppIcon;
				CLANG_ENABLE_MODULES = YES;
				CODE_SIGN_IDENTITY = "iPhone Developer";
				CODE_SIGN_STYLE = Automatic;
				DEFINES_MODULE = YES;
				DEVELOPMENT_TEAM = T7VR5AMBYN;
				INFOPLIST_FILE = "initials-project-ios/Info.plist";
				LD_RUNPATH_SEARCH_PATHS = "$(inherited) @executable_path/Frameworks";
				PRODUCT_BUNDLE_IDENTIFIER = "com.vladislavitsi.initials-project-ios";
				PRODUCT_NAME = "$(TARGET_NAME)";
				PROVISIONING_PROFILE_SPECIFIER = "";
				SWIFT_OBJC_BRIDGING_HEADER = "/Users/uladzislau_kleshchan/OneDrive - EPAM/Projects/initials-project-ios/initials-project-ios/initials-project-ios-Bridging-Header.h";
				SWIFT_VERSION = 3.0;
				TARGETED_DEVICE_FAMILY = "1,2";
			};
			name = Release;
		};
/* End XCBuildConfiguration section */

/* Begin XCConfigurationList section */
		32D21E1B2095BEB30007166D /* Build configuration list for PBXProject "initials-project-ios" */ = {
			isa = XCConfigurationList;
			buildConfigurations = (
				32D21E342095BEB40007166D /* Debug */,
				32D21E352095BEB40007166D /* Release */,
			);
			defaultConfigurationIsVisible = 0;
			defaultConfigurationName = Release;
		};
		32D21E362095BEB40007166D /* Build configuration list for PBXNativeTarget "initials-project-ios" */ = {
			isa = XCConfigurationList;
			buildConfigurations = (
				32D21E372095BEB40007166D /* Debug */,
				32D21E382095BEB40007166D /* Release */,
			);
			defaultConfigurationIsVisible = 0;
			defaultConfigurationName = Release;
		};
/* End XCConfigurationList section */

/* Begin XCVersionGroup section */
		32728D7220C57C0D0026B744 /* Model.xcdatamodeld */ = {
			isa = XCVersionGroup;
			children = (
				32728D7320C57C0D0026B744 /* Model.xcdatamodel */,
			);
			currentVersion = 32728D7320C57C0D0026B744 /* Model.xcdatamodel */;
			path = Model.xcdatamodeld;
			sourceTree = "<group>";
			versionGroupType = wrapper.xcdatamodel;
		};
/* End XCVersionGroup section */
	};
	rootObject = 32D21E182095BEB30007166D /* Project object */;
}
